// !$*UTF8*$!
{
	archiveVersion = 1;
	classes = {
	};
	objectVersion = 50;
	objects = {

/* Begin PBXBuildFile section */
		6A0BFE00262D3030006818CB /* Launch.storyboard in Resources */ = {isa = PBXBuildFile; fileRef = 6A0BFDFF262D3030006818CB /* Launch.storyboard */; };
		6A0BFE0C262D38BE006818CB /* LaunchViewController.swift in Sources */ = {isa = PBXBuildFile; fileRef = 6A0BFE0B262D38BE006818CB /* LaunchViewController.swift */; };
		6A0BFE11262DCBF3006818CB /* TestHelpers.swift in Sources */ = {isa = PBXBuildFile; fileRef = 6A0BFE10262DCBF3006818CB /* TestHelpers.swift */; };
		6A0BFE1B262DCC83006818CB /* LaunchFactory.swift in Sources */ = {isa = PBXBuildFile; fileRef = 6A0BFE19262DCC83006818CB /* LaunchFactory.swift */; };
		6A0BFE1C262DCC83006818CB /* LaunchPaginationFactory.swift in Sources */ = {isa = PBXBuildFile; fileRef = 6A0BFE1A262DCC83006818CB /* LaunchPaginationFactory.swift */; };
		6A0BFE21262DDB2A006818CB /* LaunchCell.swift in Sources */ = {isa = PBXBuildFile; fileRef = 6A0BFE20262DDB2A006818CB /* LaunchCell.swift */; };
		6A34BC99262FC47D005B6E60 /* LaunchCellPresenterTests.swift in Sources */ = {isa = PBXBuildFile; fileRef = 6A34BC98262FC47D005B6E60 /* LaunchCellPresenterTests.swift */; };
		6A34BCA326304FA9005B6E60 /* UIView+Shimmering.swift in Sources */ = {isa = PBXBuildFile; fileRef = 6A34BCA226304FA9005B6E60 /* UIView+Shimmering.swift */; };
		6A4597C2262EB10500313EAB /* PresentableLaunch.swift in Sources */ = {isa = PBXBuildFile; fileRef = 6A4597C1262EB10500313EAB /* PresentableLaunch.swift */; };
		6A4597C8262EB12E00313EAB /* LaunchString.swift in Sources */ = {isa = PBXBuildFile; fileRef = 6A4597C7262EB12E00313EAB /* LaunchString.swift */; };
		6A4597CD262EF2B000313EAB /* ErrorView.swift in Sources */ = {isa = PBXBuildFile; fileRef = 6A4597CC262EF2B000313EAB /* ErrorView.swift */; };
		6A4597E6262F1F8300313EAB /* LaunchUIComposer.swift in Sources */ = {isa = PBXBuildFile; fileRef = 6A4597E5262F1F8300313EAB /* LaunchUIComposer.swift */; };
		6A4597F1262F277400313EAB /* LaunchPresentationAdapter.swift in Sources */ = {isa = PBXBuildFile; fileRef = 6A4597F0262F277400313EAB /* LaunchPresentationAdapter.swift */; };
		6A45980A262F27AC00313EAB /* WeakRefVirtualProxy.swift in Sources */ = {isa = PBXBuildFile; fileRef = 6A459809262F27AC00313EAB /* WeakRefVirtualProxy.swift */; };
		6A54AF8E262A8BC60007D021 /* XCTestCase+MemoryLeak.swift in Sources */ = {isa = PBXBuildFile; fileRef = 6A54AF8D262A8BC60007D021 /* XCTestCase+MemoryLeak.swift */; };
		6A54AF95262A8EAF0007D021 /* URLSessionHTTPClientTests.swift in Sources */ = {isa = PBXBuildFile; fileRef = 6A54AF94262A8EAF0007D021 /* URLSessionHTTPClientTests.swift */; };
		6A54AF9C262ACD750007D021 /* URLSessionHTTPClient.swift in Sources */ = {isa = PBXBuildFile; fileRef = 6A54AF9B262ACD750007D021 /* URLSessionHTTPClient.swift */; };
		6A54AFA1262AE1B90007D021 /* ImageDataLoaderTests.swift in Sources */ = {isa = PBXBuildFile; fileRef = 6A54AFA0262AE1B90007D021 /* ImageDataLoaderTests.swift */; };
		6A54AFA7262AE7620007D021 /* HTTPClientSpy.swift in Sources */ = {isa = PBXBuildFile; fileRef = 6A54AFA6262AE7620007D021 /* HTTPClientSpy.swift */; };
		6A59B0322629E193007D75E9 /* LaunchFactory.swift in Sources */ = {isa = PBXBuildFile; fileRef = 6A59B0312629E193007D75E9 /* LaunchFactory.swift */; };
		6A59B0382629E254007D75E9 /* LaunchPaginationFactory.swift in Sources */ = {isa = PBXBuildFile; fileRef = 6A59B0372629E254007D75E9 /* LaunchPaginationFactory.swift */; };
		6A59B03F2629E8F6007D75E9 /* Launch.swift in Sources */ = {isa = PBXBuildFile; fileRef = 6A59B03E2629E8F6007D75E9 /* Launch.swift */; };
		6A59B0432629E95A007D75E9 /* LaunchPagination.swift in Sources */ = {isa = PBXBuildFile; fileRef = 6A59B0422629E95A007D75E9 /* LaunchPagination.swift */; };
		6A59B0472629E9C7007D75E9 /* HTTPClient.swift in Sources */ = {isa = PBXBuildFile; fileRef = 6A59B0462629E9C7007D75E9 /* HTTPClient.swift */; };
		6A59B04D2629EA0F007D75E9 /* RemoteLaunchLoader.swift in Sources */ = {isa = PBXBuildFile; fileRef = 6A59B04C2629EA0F007D75E9 /* RemoteLaunchLoader.swift */; };
		6A59B0522629ECE6007D75E9 /* TestHelpers.swift in Sources */ = {isa = PBXBuildFile; fileRef = 6A59B0512629ECE6007D75E9 /* TestHelpers.swift */; };
		6A93F278263282440048BA06 /* LaunchDetails.storyboard in Resources */ = {isa = PBXBuildFile; fileRef = 6A93F277263282440048BA06 /* LaunchDetails.storyboard */; };
		6A93F27F263293350048BA06 /* LaunchImageCellPresenterTests.swift in Sources */ = {isa = PBXBuildFile; fileRef = 6A93F27E263293350048BA06 /* LaunchImageCellPresenterTests.swift */; };
		6A93F28E2632C5930048BA06 /* LaunchImageCellPresenter.swift in Sources */ = {isa = PBXBuildFile; fileRef = 6A93F28D2632C5930048BA06 /* LaunchImageCellPresenter.swift */; };
		6A93F2982632C5BF0048BA06 /* LaunchImageViewModel.swift in Sources */ = {isa = PBXBuildFile; fileRef = 6A93F2972632C5BF0048BA06 /* LaunchImageViewModel.swift */; };
		6A93F29E2632CB5F0048BA06 /* LaunchDetailsViewControllerTests.swift in Sources */ = {isa = PBXBuildFile; fileRef = 6A93F29D2632CB5F0048BA06 /* LaunchDetailsViewControllerTests.swift */; };
		6A93F2A52632CC930048BA06 /* LaunchDetails.strings in Resources */ = {isa = PBXBuildFile; fileRef = 6A93F2A42632CC930048BA06 /* LaunchDetails.strings */; };
		6A93F2AC2632CCAC0048BA06 /* LaunchDetailsString.swift in Sources */ = {isa = PBXBuildFile; fileRef = 6A93F2AB2632CCAC0048BA06 /* LaunchDetailsString.swift */; };
		6A93F2B22632F2240048BA06 /* LoaderSpy.swift in Sources */ = {isa = PBXBuildFile; fileRef = 6A93F2B12632F2240048BA06 /* LoaderSpy.swift */; };
		6A93F2BA26330C8E0048BA06 /* LaunchDetailsViewController.swift in Sources */ = {isa = PBXBuildFile; fileRef = 6A93F2B926330C8E0048BA06 /* LaunchDetailsViewController.swift */; };
		6A93F2C026330C9D0048BA06 /* LaunchDetailsUIComposer.swift in Sources */ = {isa = PBXBuildFile; fileRef = 6A93F2BF26330C9D0048BA06 /* LaunchDetailsUIComposer.swift */; };
		6A93F2C7263315BA0048BA06 /* LaunchDetailsImageCell.swift in Sources */ = {isa = PBXBuildFile; fileRef = 6A93F2C6263315BA0048BA06 /* LaunchDetailsImageCell.swift */; };
		6A942C1B26307DC000B83564 /* LaunchCellController.swift in Sources */ = {isa = PBXBuildFile; fileRef = 6A942C1A26307DC000B83564 /* LaunchCellController.swift */; };
		6A942C21263082C700B83564 /* LaunchViewAdapter.swift in Sources */ = {isa = PBXBuildFile; fileRef = 6A942C20263082C700B83564 /* LaunchViewAdapter.swift */; };
		6A98ADBA2631308E0063B87C /* LaunchCellPresenter.swift in Sources */ = {isa = PBXBuildFile; fileRef = 6A98ADB92631308E0063B87C /* LaunchCellPresenter.swift */; };
		6A98ADC0263130CE0063B87C /* LaunchCellViewModel.swift in Sources */ = {isa = PBXBuildFile; fileRef = 6A98ADBF263130CE0063B87C /* LaunchCellViewModel.swift */; };
		6A98ADC626315B4E0063B87C /* LaunchImageDataLoaderPresentationAdapter.swift in Sources */ = {isa = PBXBuildFile; fileRef = 6A98ADC526315B4E0063B87C /* LaunchImageDataLoaderPresentationAdapter.swift */; };
		6A98ADCC263168940063B87C /* MainQueueDispatchDecorator.swift in Sources */ = {isa = PBXBuildFile; fileRef = 6A98ADCB263168940063B87C /* MainQueueDispatchDecorator.swift */; };
		6AAB50D32629312E0089DC3C /* XRocket.framework in Frameworks */ = {isa = PBXBuildFile; fileRef = 6AAB50C92629312E0089DC3C /* XRocket.framework */; };
		6AAB50DA2629312E0089DC3C /* XRocket.h in Headers */ = {isa = PBXBuildFile; fileRef = 6AAB50CC2629312E0089DC3C /* XRocket.h */; settings = {ATTRIBUTES = (Public, ); }; };
		6AAB50E9262943F30089DC3C /* LaunchLoaderTests.swift in Sources */ = {isa = PBXBuildFile; fileRef = 6AAB50E8262943F30089DC3C /* LaunchLoaderTests.swift */; };
		6AB74966262BE3C200C8F56A /* URLProtocolStub.swift in Sources */ = {isa = PBXBuildFile; fileRef = 6AB74965262BE3C200C8F56A /* URLProtocolStub.swift */; };
		6AB7496B262BF9B700C8F56A /* RemoteImageDataLoader.swift in Sources */ = {isa = PBXBuildFile; fileRef = 6AB7496A262BF9B700C8F56A /* RemoteImageDataLoader.swift */; };
		6AB74973262C090600C8F56A /* LaunchPresenterTests.swift in Sources */ = {isa = PBXBuildFile; fileRef = 6AB74972262C090600C8F56A /* LaunchPresenterTests.swift */; };
		6AB74979262C0C1900C8F56A /* LaunchPresenter.swift in Sources */ = {isa = PBXBuildFile; fileRef = 6AB74978262C0C1900C8F56A /* LaunchPresenter.swift */; };
		6AB7497D262C11E400C8F56A /* Launch.strings in Resources */ = {isa = PBXBuildFile; fileRef = 6AB7497C262C11E400C8F56A /* Launch.strings */; };
		6AB74981262C2E9200C8F56A /* LaunchLoadingViewModel.swift in Sources */ = {isa = PBXBuildFile; fileRef = 6AB74980262C2E9200C8F56A /* LaunchLoadingViewModel.swift */; };
		6AB74985262C2EA000C8F56A /* LaunchErrorViewModel.swift in Sources */ = {isa = PBXBuildFile; fileRef = 6AB74984262C2EA000C8F56A /* LaunchErrorViewModel.swift */; };
		6AB74989262C2EAE00C8F56A /* LaunchViewModel.swift in Sources */ = {isa = PBXBuildFile; fileRef = 6AB74988262C2EAE00C8F56A /* LaunchViewModel.swift */; };
		6AB7499A262C7D4200C8F56A /* XRocketiOS.framework in Frameworks */ = {isa = PBXBuildFile; fileRef = 6AB74991262C7D4100C8F56A /* XRocketiOS.framework */; };
		6AB749A1262C7D4200C8F56A /* XRocketiOS.h in Headers */ = {isa = PBXBuildFile; fileRef = 6AB74993262C7D4200C8F56A /* XRocketiOS.h */; settings = {ATTRIBUTES = (Public, ); }; };
		6AB749AD262C7E3B00C8F56A /* LaunchViewControllerTests.swift in Sources */ = {isa = PBXBuildFile; fileRef = 6AB749AC262C7E3B00C8F56A /* LaunchViewControllerTests.swift */; };
		6AB749B7262C813500C8F56A /* XRocket.framework in Frameworks */ = {isa = PBXBuildFile; fileRef = 6AAB50C92629312E0089DC3C /* XRocket.framework */; };
		6AB749C2262C823600C8F56A /* XCTestCase+MemoryLeak.swift in Sources */ = {isa = PBXBuildFile; fileRef = 6AB749C1262C823600C8F56A /* XCTestCase+MemoryLeak.swift */; };
		6AE649742633B70900E50B82 /* LaunchDetailsPresenterTests.swift in Sources */ = {isa = PBXBuildFile; fileRef = 6AE649732633B70900E50B82 /* LaunchDetailsPresenterTests.swift */; };
		6AE6497E2633B80900E50B82 /* LaunchDetailsPresenter.swift in Sources */ = {isa = PBXBuildFile; fileRef = 6AE6497D2633B80900E50B82 /* LaunchDetailsPresenter.swift */; };
		6AE649842633B98F00E50B82 /* LaunchDetailsViewModel.swift in Sources */ = {isa = PBXBuildFile; fileRef = 6AE649832633B98F00E50B82 /* LaunchDetailsViewModel.swift */; };
/* End PBXBuildFile section */

/* Begin PBXContainerItemProxy section */
		6AAB50D42629312E0089DC3C /* PBXContainerItemProxy */ = {
			isa = PBXContainerItemProxy;
			containerPortal = 6AAB50C02629312E0089DC3C /* Project object */;
			proxyType = 1;
			remoteGlobalIDString = 6AAB50C82629312E0089DC3C;
			remoteInfo = XRocket;
		};
		6AB7499B262C7D4200C8F56A /* PBXContainerItemProxy */ = {
			isa = PBXContainerItemProxy;
			containerPortal = 6AAB50C02629312E0089DC3C /* Project object */;
			proxyType = 1;
			remoteGlobalIDString = 6AB74990262C7D4100C8F56A;
			remoteInfo = XRocketiOS;
		};
		6AB749B9262C813500C8F56A /* PBXContainerItemProxy */ = {
			isa = PBXContainerItemProxy;
			containerPortal = 6AAB50C02629312E0089DC3C /* Project object */;
			proxyType = 1;
			remoteGlobalIDString = 6AAB50C82629312E0089DC3C;
			remoteInfo = XRocket;
		};
/* End PBXContainerItemProxy section */

/* Begin PBXFileReference section */
		6A0BFDFF262D3030006818CB /* Launch.storyboard */ = {isa = PBXFileReference; lastKnownFileType = file.storyboard; path = Launch.storyboard; sourceTree = "<group>"; };
		6A0BFE0B262D38BE006818CB /* LaunchViewController.swift */ = {isa = PBXFileReference; lastKnownFileType = sourcecode.swift; path = LaunchViewController.swift; sourceTree = "<group>"; };
		6A0BFE10262DCBF3006818CB /* TestHelpers.swift */ = {isa = PBXFileReference; lastKnownFileType = sourcecode.swift; path = TestHelpers.swift; sourceTree = "<group>"; };
		6A0BFE19262DCC83006818CB /* LaunchFactory.swift */ = {isa = PBXFileReference; fileEncoding = 4; lastKnownFileType = sourcecode.swift; path = LaunchFactory.swift; sourceTree = "<group>"; };
		6A0BFE1A262DCC83006818CB /* LaunchPaginationFactory.swift */ = {isa = PBXFileReference; fileEncoding = 4; lastKnownFileType = sourcecode.swift; path = LaunchPaginationFactory.swift; sourceTree = "<group>"; };
		6A0BFE20262DDB2A006818CB /* LaunchCell.swift */ = {isa = PBXFileReference; lastKnownFileType = sourcecode.swift; path = LaunchCell.swift; sourceTree = "<group>"; };
		6A34BC98262FC47D005B6E60 /* LaunchCellPresenterTests.swift */ = {isa = PBXFileReference; lastKnownFileType = sourcecode.swift; path = LaunchCellPresenterTests.swift; sourceTree = "<group>"; };
		6A34BCA226304FA9005B6E60 /* UIView+Shimmering.swift */ = {isa = PBXFileReference; lastKnownFileType = sourcecode.swift; path = "UIView+Shimmering.swift"; sourceTree = "<group>"; };
		6A4597C1262EB10500313EAB /* PresentableLaunch.swift */ = {isa = PBXFileReference; lastKnownFileType = sourcecode.swift; path = PresentableLaunch.swift; sourceTree = "<group>"; };
		6A4597C7262EB12E00313EAB /* LaunchString.swift */ = {isa = PBXFileReference; lastKnownFileType = sourcecode.swift; path = LaunchString.swift; sourceTree = "<group>"; };
		6A4597CC262EF2B000313EAB /* ErrorView.swift */ = {isa = PBXFileReference; lastKnownFileType = sourcecode.swift; path = ErrorView.swift; sourceTree = "<group>"; };
		6A4597E5262F1F8300313EAB /* LaunchUIComposer.swift */ = {isa = PBXFileReference; lastKnownFileType = sourcecode.swift; path = LaunchUIComposer.swift; sourceTree = "<group>"; };
		6A4597F0262F277400313EAB /* LaunchPresentationAdapter.swift */ = {isa = PBXFileReference; lastKnownFileType = sourcecode.swift; path = LaunchPresentationAdapter.swift; sourceTree = "<group>"; };
		6A459809262F27AC00313EAB /* WeakRefVirtualProxy.swift */ = {isa = PBXFileReference; lastKnownFileType = sourcecode.swift; path = WeakRefVirtualProxy.swift; sourceTree = "<group>"; };
		6A54AF8D262A8BC60007D021 /* XCTestCase+MemoryLeak.swift */ = {isa = PBXFileReference; lastKnownFileType = sourcecode.swift; path = "XCTestCase+MemoryLeak.swift"; sourceTree = "<group>"; };
		6A54AF94262A8EAF0007D021 /* URLSessionHTTPClientTests.swift */ = {isa = PBXFileReference; lastKnownFileType = sourcecode.swift; path = URLSessionHTTPClientTests.swift; sourceTree = "<group>"; };
		6A54AF9B262ACD750007D021 /* URLSessionHTTPClient.swift */ = {isa = PBXFileReference; lastKnownFileType = sourcecode.swift; path = URLSessionHTTPClient.swift; sourceTree = "<group>"; };
		6A54AFA0262AE1B90007D021 /* ImageDataLoaderTests.swift */ = {isa = PBXFileReference; lastKnownFileType = sourcecode.swift; path = ImageDataLoaderTests.swift; sourceTree = "<group>"; };
		6A54AFA6262AE7620007D021 /* HTTPClientSpy.swift */ = {isa = PBXFileReference; lastKnownFileType = sourcecode.swift; path = HTTPClientSpy.swift; sourceTree = "<group>"; };
		6A59B0312629E193007D75E9 /* LaunchFactory.swift */ = {isa = PBXFileReference; lastKnownFileType = sourcecode.swift; path = LaunchFactory.swift; sourceTree = "<group>"; };
		6A59B0372629E254007D75E9 /* LaunchPaginationFactory.swift */ = {isa = PBXFileReference; lastKnownFileType = sourcecode.swift; path = LaunchPaginationFactory.swift; sourceTree = "<group>"; };
		6A59B03E2629E8F6007D75E9 /* Launch.swift */ = {isa = PBXFileReference; lastKnownFileType = sourcecode.swift; path = Launch.swift; sourceTree = "<group>"; };
		6A59B0422629E95A007D75E9 /* LaunchPagination.swift */ = {isa = PBXFileReference; lastKnownFileType = sourcecode.swift; path = LaunchPagination.swift; sourceTree = "<group>"; };
		6A59B0462629E9C7007D75E9 /* HTTPClient.swift */ = {isa = PBXFileReference; lastKnownFileType = sourcecode.swift; path = HTTPClient.swift; sourceTree = "<group>"; };
		6A59B04C2629EA0F007D75E9 /* RemoteLaunchLoader.swift */ = {isa = PBXFileReference; lastKnownFileType = sourcecode.swift; path = RemoteLaunchLoader.swift; sourceTree = "<group>"; };
		6A59B0512629ECE6007D75E9 /* TestHelpers.swift */ = {isa = PBXFileReference; lastKnownFileType = sourcecode.swift; path = TestHelpers.swift; sourceTree = "<group>"; };
		6A93F277263282440048BA06 /* LaunchDetails.storyboard */ = {isa = PBXFileReference; lastKnownFileType = file.storyboard; path = LaunchDetails.storyboard; sourceTree = "<group>"; };
		6A93F27E263293350048BA06 /* LaunchImageCellPresenterTests.swift */ = {isa = PBXFileReference; lastKnownFileType = sourcecode.swift; path = LaunchImageCellPresenterTests.swift; sourceTree = "<group>"; };
		6A93F28D2632C5930048BA06 /* LaunchImageCellPresenter.swift */ = {isa = PBXFileReference; lastKnownFileType = sourcecode.swift; path = LaunchImageCellPresenter.swift; sourceTree = "<group>"; };
		6A93F2972632C5BF0048BA06 /* LaunchImageViewModel.swift */ = {isa = PBXFileReference; lastKnownFileType = sourcecode.swift; path = LaunchImageViewModel.swift; sourceTree = "<group>"; };
		6A93F29D2632CB5F0048BA06 /* LaunchDetailsViewControllerTests.swift */ = {isa = PBXFileReference; lastKnownFileType = sourcecode.swift; path = LaunchDetailsViewControllerTests.swift; sourceTree = "<group>"; };
		6A93F2A42632CC930048BA06 /* LaunchDetails.strings */ = {isa = PBXFileReference; lastKnownFileType = text.plist.strings; path = LaunchDetails.strings; sourceTree = "<group>"; };
		6A93F2AB2632CCAC0048BA06 /* LaunchDetailsString.swift */ = {isa = PBXFileReference; lastKnownFileType = sourcecode.swift; path = LaunchDetailsString.swift; sourceTree = "<group>"; };
		6A93F2B12632F2240048BA06 /* LoaderSpy.swift */ = {isa = PBXFileReference; lastKnownFileType = sourcecode.swift; path = LoaderSpy.swift; sourceTree = "<group>"; };
		6A93F2B926330C8E0048BA06 /* LaunchDetailsViewController.swift */ = {isa = PBXFileReference; lastKnownFileType = sourcecode.swift; path = LaunchDetailsViewController.swift; sourceTree = "<group>"; };
		6A93F2BF26330C9D0048BA06 /* LaunchDetailsUIComposer.swift */ = {isa = PBXFileReference; lastKnownFileType = sourcecode.swift; path = LaunchDetailsUIComposer.swift; sourceTree = "<group>"; };
		6A93F2C6263315BA0048BA06 /* LaunchDetailsImageCell.swift */ = {isa = PBXFileReference; lastKnownFileType = sourcecode.swift; path = LaunchDetailsImageCell.swift; sourceTree = "<group>"; };
		6A942C1A26307DC000B83564 /* LaunchCellController.swift */ = {isa = PBXFileReference; lastKnownFileType = sourcecode.swift; path = LaunchCellController.swift; sourceTree = "<group>"; };
		6A942C20263082C700B83564 /* LaunchViewAdapter.swift */ = {isa = PBXFileReference; lastKnownFileType = sourcecode.swift; path = LaunchViewAdapter.swift; sourceTree = "<group>"; };
		6A98ADB92631308E0063B87C /* LaunchCellPresenter.swift */ = {isa = PBXFileReference; lastKnownFileType = sourcecode.swift; path = LaunchCellPresenter.swift; sourceTree = "<group>"; };
		6A98ADBF263130CE0063B87C /* LaunchCellViewModel.swift */ = {isa = PBXFileReference; lastKnownFileType = sourcecode.swift; path = LaunchCellViewModel.swift; sourceTree = "<group>"; };
		6A98ADC526315B4E0063B87C /* LaunchImageDataLoaderPresentationAdapter.swift */ = {isa = PBXFileReference; lastKnownFileType = sourcecode.swift; path = LaunchImageDataLoaderPresentationAdapter.swift; sourceTree = "<group>"; };
		6A98ADCB263168940063B87C /* MainQueueDispatchDecorator.swift */ = {isa = PBXFileReference; lastKnownFileType = sourcecode.swift; path = MainQueueDispatchDecorator.swift; sourceTree = "<group>"; };
		6AAB50C92629312E0089DC3C /* XRocket.framework */ = {isa = PBXFileReference; explicitFileType = wrapper.framework; includeInIndex = 0; path = XRocket.framework; sourceTree = BUILT_PRODUCTS_DIR; };
		6AAB50CC2629312E0089DC3C /* XRocket.h */ = {isa = PBXFileReference; lastKnownFileType = sourcecode.c.h; path = XRocket.h; sourceTree = "<group>"; };
		6AAB50CD2629312E0089DC3C /* Info.plist */ = {isa = PBXFileReference; lastKnownFileType = text.plist.xml; path = Info.plist; sourceTree = "<group>"; };
		6AAB50D22629312E0089DC3C /* XRocketTests.xctest */ = {isa = PBXFileReference; explicitFileType = wrapper.cfbundle; includeInIndex = 0; path = XRocketTests.xctest; sourceTree = BUILT_PRODUCTS_DIR; };
		6AAB50D92629312E0089DC3C /* Info.plist */ = {isa = PBXFileReference; lastKnownFileType = text.plist.xml; path = Info.plist; sourceTree = "<group>"; };
		6AAB50E8262943F30089DC3C /* LaunchLoaderTests.swift */ = {isa = PBXFileReference; lastKnownFileType = sourcecode.swift; path = LaunchLoaderTests.swift; sourceTree = "<group>"; };
		6AB74965262BE3C200C8F56A /* URLProtocolStub.swift */ = {isa = PBXFileReference; lastKnownFileType = sourcecode.swift; path = URLProtocolStub.swift; sourceTree = "<group>"; };
		6AB7496A262BF9B700C8F56A /* RemoteImageDataLoader.swift */ = {isa = PBXFileReference; lastKnownFileType = sourcecode.swift; path = RemoteImageDataLoader.swift; sourceTree = "<group>"; };
		6AB74972262C090600C8F56A /* LaunchPresenterTests.swift */ = {isa = PBXFileReference; lastKnownFileType = sourcecode.swift; path = LaunchPresenterTests.swift; sourceTree = "<group>"; };
		6AB74978262C0C1900C8F56A /* LaunchPresenter.swift */ = {isa = PBXFileReference; lastKnownFileType = sourcecode.swift; path = LaunchPresenter.swift; sourceTree = "<group>"; };
		6AB7497C262C11E400C8F56A /* Launch.strings */ = {isa = PBXFileReference; lastKnownFileType = text.plist.strings; path = Launch.strings; sourceTree = "<group>"; };
		6AB74980262C2E9200C8F56A /* LaunchLoadingViewModel.swift */ = {isa = PBXFileReference; lastKnownFileType = sourcecode.swift; path = LaunchLoadingViewModel.swift; sourceTree = "<group>"; };
		6AB74984262C2EA000C8F56A /* LaunchErrorViewModel.swift */ = {isa = PBXFileReference; lastKnownFileType = sourcecode.swift; path = LaunchErrorViewModel.swift; sourceTree = "<group>"; };
		6AB74988262C2EAE00C8F56A /* LaunchViewModel.swift */ = {isa = PBXFileReference; lastKnownFileType = sourcecode.swift; path = LaunchViewModel.swift; sourceTree = "<group>"; };
		6AB74991262C7D4100C8F56A /* XRocketiOS.framework */ = {isa = PBXFileReference; explicitFileType = wrapper.framework; includeInIndex = 0; path = XRocketiOS.framework; sourceTree = BUILT_PRODUCTS_DIR; };
		6AB74993262C7D4200C8F56A /* XRocketiOS.h */ = {isa = PBXFileReference; lastKnownFileType = sourcecode.c.h; path = XRocketiOS.h; sourceTree = "<group>"; };
		6AB74994262C7D4200C8F56A /* Info.plist */ = {isa = PBXFileReference; lastKnownFileType = text.plist.xml; path = Info.plist; sourceTree = "<group>"; };
		6AB74999262C7D4200C8F56A /* XRocketiOSTests.xctest */ = {isa = PBXFileReference; explicitFileType = wrapper.cfbundle; includeInIndex = 0; path = XRocketiOSTests.xctest; sourceTree = BUILT_PRODUCTS_DIR; };
		6AB749A0262C7D4200C8F56A /* Info.plist */ = {isa = PBXFileReference; lastKnownFileType = text.plist.xml; path = Info.plist; sourceTree = "<group>"; };
		6AB749AC262C7E3B00C8F56A /* LaunchViewControllerTests.swift */ = {isa = PBXFileReference; lastKnownFileType = sourcecode.swift; path = LaunchViewControllerTests.swift; sourceTree = "<group>"; };
		6AB749C1262C823600C8F56A /* XCTestCase+MemoryLeak.swift */ = {isa = PBXFileReference; lastKnownFileType = sourcecode.swift; path = "XCTestCase+MemoryLeak.swift"; sourceTree = "<group>"; };
		6AE649732633B70900E50B82 /* LaunchDetailsPresenterTests.swift */ = {isa = PBXFileReference; fileEncoding = 4; lastKnownFileType = sourcecode.swift; path = LaunchDetailsPresenterTests.swift; sourceTree = "<group>"; };
		6AE6497D2633B80900E50B82 /* LaunchDetailsPresenter.swift */ = {isa = PBXFileReference; lastKnownFileType = sourcecode.swift; path = LaunchDetailsPresenter.swift; sourceTree = "<group>"; };
		6AE649832633B98F00E50B82 /* LaunchDetailsViewModel.swift */ = {isa = PBXFileReference; lastKnownFileType = sourcecode.swift; path = LaunchDetailsViewModel.swift; sourceTree = "<group>"; };
/* End PBXFileReference section */

/* Begin PBXFrameworksBuildPhase section */
		6AAB50C62629312E0089DC3C /* Frameworks */ = {
			isa = PBXFrameworksBuildPhase;
			buildActionMask = 2147483647;
			files = (
			);
			runOnlyForDeploymentPostprocessing = 0;
		};
		6AAB50CF2629312E0089DC3C /* Frameworks */ = {
			isa = PBXFrameworksBuildPhase;
			buildActionMask = 2147483647;
			files = (
				6AAB50D32629312E0089DC3C /* XRocket.framework in Frameworks */,
			);
			runOnlyForDeploymentPostprocessing = 0;
		};
		6AB7498E262C7D4100C8F56A /* Frameworks */ = {
			isa = PBXFrameworksBuildPhase;
			buildActionMask = 2147483647;
			files = (
				6AB749B7262C813500C8F56A /* XRocket.framework in Frameworks */,
			);
			runOnlyForDeploymentPostprocessing = 0;
		};
		6AB74996262C7D4200C8F56A /* Frameworks */ = {
			isa = PBXFrameworksBuildPhase;
			buildActionMask = 2147483647;
			files = (
				6AB7499A262C7D4200C8F56A /* XRocketiOS.framework in Frameworks */,
			);
			runOnlyForDeploymentPostprocessing = 0;
		};
/* End PBXFrameworksBuildPhase section */

/* Begin PBXGroup section */
		6A0BFDF5262D2FE8006818CB /* Launch */ = {
			isa = PBXGroup;
			children = (
				6A4597FA262F279400313EAB /* Helpers */,
				6A4597EF262F275E00313EAB /* Composer */,
				6A0BFE04262D3899006818CB /* Controllers */,
				6A0BFDF6262D2FF1006818CB /* Views */,
			);
			path = Launch;
			sourceTree = "<group>";
		};
		6A0BFDF6262D2FF1006818CB /* Views */ = {
			isa = PBXGroup;
			children = (
				6A0BFDFF262D3030006818CB /* Launch.storyboard */,
				6A0BFE20262DDB2A006818CB /* LaunchCell.swift */,
				6A4597CC262EF2B000313EAB /* ErrorView.swift */,
			);
			path = Views;
			sourceTree = "<group>";
		};
		6A0BFE04262D3899006818CB /* Controllers */ = {
			isa = PBXGroup;
			children = (
				6A0BFE0B262D38BE006818CB /* LaunchViewController.swift */,
				6A942C1A26307DC000B83564 /* LaunchCellController.swift */,
			);
			path = Controllers;
			sourceTree = "<group>";
		};
		6A0BFE15262DCC5A006818CB /* Factory */ = {
			isa = PBXGroup;
			children = (
				6A0BFE19262DCC83006818CB /* LaunchFactory.swift */,
				6A0BFE1A262DCC83006818CB /* LaunchPaginationFactory.swift */,
			);
			path = Factory;
			sourceTree = "<group>";
		};
		6A4597C6262EB11C00313EAB /* Resource */ = {
			isa = PBXGroup;
			children = (
				6AB7497C262C11E400C8F56A /* Launch.strings */,
				6A4597C7262EB12E00313EAB /* LaunchString.swift */,
			);
			path = Resource;
			sourceTree = "<group>";
		};
		6A4597EF262F275E00313EAB /* Composer */ = {
			isa = PBXGroup;
			children = (
				6A4597E5262F1F8300313EAB /* LaunchUIComposer.swift */,
				6A4597F0262F277400313EAB /* LaunchPresentationAdapter.swift */,
				6A942C20263082C700B83564 /* LaunchViewAdapter.swift */,
				6A98ADC526315B4E0063B87C /* LaunchImageDataLoaderPresentationAdapter.swift */,
			);
			path = Composer;
			sourceTree = "<group>";
		};
		6A4597FA262F279400313EAB /* Helpers */ = {
			isa = PBXGroup;
			children = (
				6A459809262F27AC00313EAB /* WeakRefVirtualProxy.swift */,
				6A34BCA226304FA9005B6E60 /* UIView+Shimmering.swift */,
				6A98ADCB263168940063B87C /* MainQueueDispatchDecorator.swift */,
			);
			path = Helpers;
			sourceTree = "<group>";
		};
		6A54AF93262A8E9E0007D021 /* Infrastructure */ = {
			isa = PBXGroup;
			children = (
				6A54AF94262A8EAF0007D021 /* URLSessionHTTPClientTests.swift */,
			);
			path = Infrastructure;
			sourceTree = "<group>";
		};
		6A54AF9A262ACD670007D021 /* Infrastructure */ = {
			isa = PBXGroup;
			children = (
				6A54AF9B262ACD750007D021 /* URLSessionHTTPClient.swift */,
			);
			path = Infrastructure;
			sourceTree = "<group>";
		};
		6A54AF9F262AE1A60007D021 /* Shared */ = {
			isa = PBXGroup;
			children = (
				6A54AFA0262AE1B90007D021 /* ImageDataLoaderTests.swift */,
			);
			path = Shared;
			sourceTree = "<group>";
		};
		6A59B0302629E186007D75E9 /* Factory */ = {
			isa = PBXGroup;
			children = (
				6A59B0312629E193007D75E9 /* LaunchFactory.swift */,
				6A59B0372629E254007D75E9 /* LaunchPaginationFactory.swift */,
			);
			path = Factory;
			sourceTree = "<group>";
		};
		6A59B03D2629E8EC007D75E9 /* Model */ = {
			isa = PBXGroup;
			children = (
				6A59B03E2629E8F6007D75E9 /* Launch.swift */,
				6A59B0422629E95A007D75E9 /* LaunchPagination.swift */,
				6A4597C1262EB10500313EAB /* PresentableLaunch.swift */,
			);
			path = Model;
			sourceTree = "<group>";
		};
		6A59B0502629ECD3007D75E9 /* Helpers */ = {
			isa = PBXGroup;
			children = (
				6A59B0512629ECE6007D75E9 /* TestHelpers.swift */,
				6A54AF8D262A8BC60007D021 /* XCTestCase+MemoryLeak.swift */,
				6A54AFA6262AE7620007D021 /* HTTPClientSpy.swift */,
				6AB74965262BE3C200C8F56A /* URLProtocolStub.swift */,
			);
			path = Helpers;
			sourceTree = "<group>";
		};
		6A93F276263282260048BA06 /* LaunchDetails */ = {
			isa = PBXGroup;
			children = (
				6A93F2C5263315B00048BA06 /* Views */,
				6A93F2B826330C7E0048BA06 /* Controllers */,
				6A93F2B726330C780048BA06 /* Composer */,
			);
			path = LaunchDetails;
			sourceTree = "<group>";
		};
		6A93F27D263293220048BA06 /* Presentation */ = {
			isa = PBXGroup;
			children = (
				6AE649732633B70900E50B82 /* LaunchDetailsPresenterTests.swift */,
				6A93F27E263293350048BA06 /* LaunchImageCellPresenterTests.swift */,
			);
			path = Presentation;
			sourceTree = "<group>";
		};
		6A93F28C2632C5780048BA06 /* Presentation */ = {
			isa = PBXGroup;
			children = (
				6A93F28D2632C5930048BA06 /* LaunchImageCellPresenter.swift */,
				6A93F2972632C5BF0048BA06 /* LaunchImageViewModel.swift */,
				6AE6497D2633B80900E50B82 /* LaunchDetailsPresenter.swift */,
				6AE649832633B98F00E50B82 /* LaunchDetailsViewModel.swift */,
			);
			path = Presentation;
			sourceTree = "<group>";
		};
		6A93F2A32632CC830048BA06 /* Resource */ = {
			isa = PBXGroup;
			children = (
				6A93F2A42632CC930048BA06 /* LaunchDetails.strings */,
				6A93F2AB2632CCAC0048BA06 /* LaunchDetailsString.swift */,
			);
			path = Resource;
			sourceTree = "<group>";
		};
		6A93F2B726330C780048BA06 /* Composer */ = {
			isa = PBXGroup;
			children = (
				6A93F2BF26330C9D0048BA06 /* LaunchDetailsUIComposer.swift */,
			);
			path = Composer;
			sourceTree = "<group>";
		};
		6A93F2B826330C7E0048BA06 /* Controllers */ = {
			isa = PBXGroup;
			children = (
				6A93F2B926330C8E0048BA06 /* LaunchDetailsViewController.swift */,
			);
			path = Controllers;
			sourceTree = "<group>";
		};
		6A93F2C5263315B00048BA06 /* Views */ = {
			isa = PBXGroup;
			children = (
				6A93F277263282440048BA06 /* LaunchDetails.storyboard */,
				6A93F2C6263315BA0048BA06 /* LaunchDetailsImageCell.swift */,
			);
			path = Views;
			sourceTree = "<group>";
		};
		6A98AE362631C23B0063B87C /* LaunchDetails */ = {
			isa = PBXGroup;
			children = (
				6A93F2A32632CC830048BA06 /* Resource */,
				6A93F28C2632C5780048BA06 /* Presentation */,
			);
			path = LaunchDetails;
			sourceTree = "<group>";
		};
		6A98AE372631C4590063B87C /* LaunchDetails */ = {
			isa = PBXGroup;
			children = (
				6A93F27D263293220048BA06 /* Presentation */,
			);
			path = LaunchDetails;
			sourceTree = "<group>";
		};
		6AAB50BF2629312E0089DC3C = {
			isa = PBXGroup;
			children = (
				6AAB50CB2629312E0089DC3C /* XRocket */,
				6AAB50D62629312E0089DC3C /* XRocketTests */,
				6AB74992262C7D4200C8F56A /* XRocketiOS */,
				6AB7499D262C7D4200C8F56A /* XRocketiOSTests */,
				6AAB50CA2629312E0089DC3C /* Products */,
				6AB749B6262C813500C8F56A /* Frameworks */,
			);
			sourceTree = "<group>";
		};
		6AAB50CA2629312E0089DC3C /* Products */ = {
			isa = PBXGroup;
			children = (
				6AAB50C92629312E0089DC3C /* XRocket.framework */,
				6AAB50D22629312E0089DC3C /* XRocketTests.xctest */,
				6AB74991262C7D4100C8F56A /* XRocketiOS.framework */,
				6AB74999262C7D4200C8F56A /* XRocketiOSTests.xctest */,
			);
			name = Products;
			sourceTree = "<group>";
		};
		6AAB50CB2629312E0089DC3C /* XRocket */ = {
			isa = PBXGroup;
			children = (
				6AAB50CD2629312E0089DC3C /* Info.plist */,
				6A54AF9A262ACD670007D021 /* Infrastructure */,
				6AAB50E526293D900089DC3C /* Launch */,
				6A98AE362631C23B0063B87C /* LaunchDetails */,
				6AB74969262BF9AC00C8F56A /* Shared */,
				6AAB50CC2629312E0089DC3C /* XRocket.h */,
			);
			path = XRocket;
			sourceTree = "<group>";
		};
		6AAB50D62629312E0089DC3C /* XRocketTests */ = {
			isa = PBXGroup;
			children = (
				6A59B0502629ECD3007D75E9 /* Helpers */,
				6AAB50D92629312E0089DC3C /* Info.plist */,
				6A54AF93262A8E9E0007D021 /* Infrastructure */,
				6AAB50E726293DC40089DC3C /* Launch */,
				6A98AE372631C4590063B87C /* LaunchDetails */,
				6A54AF9F262AE1A60007D021 /* Shared */,
			);
			path = XRocketTests;
			sourceTree = "<group>";
		};
		6AAB50E526293D900089DC3C /* Launch */ = {
			isa = PBXGroup;
			children = (
				6A4597C6262EB11C00313EAB /* Resource */,
				6AB7496F262C050500C8F56A /* API */,
				6AB7496E262C04EE00C8F56A /* Presentation */,
				6A59B03D2629E8EC007D75E9 /* Model */,
			);
			path = Launch;
			sourceTree = "<group>";
		};
		6AAB50E726293DC40089DC3C /* Launch */ = {
			isa = PBXGroup;
			children = (
				6AB74971262C052B00C8F56A /* Presentation */,
				6AB74970262C051700C8F56A /* API */,
				6A59B0302629E186007D75E9 /* Factory */,
			);
			path = Launch;
			sourceTree = "<group>";
		};
		6AB74969262BF9AC00C8F56A /* Shared */ = {
			isa = PBXGroup;
			children = (
				6A59B0462629E9C7007D75E9 /* HTTPClient.swift */,
				6AB7496A262BF9B700C8F56A /* RemoteImageDataLoader.swift */,
			);
			path = Shared;
			sourceTree = "<group>";
		};
		6AB7496E262C04EE00C8F56A /* Presentation */ = {
			isa = PBXGroup;
			children = (
				6AB74978262C0C1900C8F56A /* LaunchPresenter.swift */,
				6AB74980262C2E9200C8F56A /* LaunchLoadingViewModel.swift */,
				6AB74984262C2EA000C8F56A /* LaunchErrorViewModel.swift */,
				6AB74988262C2EAE00C8F56A /* LaunchViewModel.swift */,
				6A98ADB92631308E0063B87C /* LaunchCellPresenter.swift */,
				6A98ADBF263130CE0063B87C /* LaunchCellViewModel.swift */,
			);
			path = Presentation;
			sourceTree = "<group>";
		};
		6AB7496F262C050500C8F56A /* API */ = {
			isa = PBXGroup;
			children = (
				6A59B04C2629EA0F007D75E9 /* RemoteLaunchLoader.swift */,
			);
			path = API;
			sourceTree = "<group>";
		};
		6AB74970262C051700C8F56A /* API */ = {
			isa = PBXGroup;
			children = (
				6AAB50E8262943F30089DC3C /* LaunchLoaderTests.swift */,
			);
			path = API;
			sourceTree = "<group>";
		};
		6AB74971262C052B00C8F56A /* Presentation */ = {
			isa = PBXGroup;
			children = (
				6AB74972262C090600C8F56A /* LaunchPresenterTests.swift */,
				6A34BC98262FC47D005B6E60 /* LaunchCellPresenterTests.swift */,
			);
			path = Presentation;
			sourceTree = "<group>";
		};
		6AB74992262C7D4200C8F56A /* XRocketiOS */ = {
			isa = PBXGroup;
			children = (
				6AB74994262C7D4200C8F56A /* Info.plist */,
				6A0BFDF5262D2FE8006818CB /* Launch */,
				6A93F276263282260048BA06 /* LaunchDetails */,
				6AB74993262C7D4200C8F56A /* XRocketiOS.h */,
			);
			path = XRocketiOS;
			sourceTree = "<group>";
		};
		6AB7499D262C7D4200C8F56A /* XRocketiOSTests */ = {
			isa = PBXGroup;
			children = (
				6A0BFE15262DCC5A006818CB /* Factory */,
				6AB749C0262C821900C8F56A /* Helpers */,
				6AB749A0262C7D4200C8F56A /* Info.plist */,
				6AB749AC262C7E3B00C8F56A /* LaunchViewControllerTests.swift */,
				6A93F29D2632CB5F0048BA06 /* LaunchDetailsViewControllerTests.swift */,
			);
			path = XRocketiOSTests;
			sourceTree = "<group>";
		};
		6AB749B6262C813500C8F56A /* Frameworks */ = {
			isa = PBXGroup;
			children = (
			);
			name = Frameworks;
			sourceTree = "<group>";
		};
		6AB749C0262C821900C8F56A /* Helpers */ = {
			isa = PBXGroup;
			children = (
				6AB749C1262C823600C8F56A /* XCTestCase+MemoryLeak.swift */,
				6A0BFE10262DCBF3006818CB /* TestHelpers.swift */,
				6A93F2B12632F2240048BA06 /* LoaderSpy.swift */,
			);
			path = Helpers;
			sourceTree = "<group>";
		};
/* End PBXGroup section */

/* Begin PBXHeadersBuildPhase section */
		6AAB50C42629312E0089DC3C /* Headers */ = {
			isa = PBXHeadersBuildPhase;
			buildActionMask = 2147483647;
			files = (
				6AAB50DA2629312E0089DC3C /* XRocket.h in Headers */,
			);
			runOnlyForDeploymentPostprocessing = 0;
		};
		6AB7498C262C7D4100C8F56A /* Headers */ = {
			isa = PBXHeadersBuildPhase;
			buildActionMask = 2147483647;
			files = (
				6AB749A1262C7D4200C8F56A /* XRocketiOS.h in Headers */,
			);
			runOnlyForDeploymentPostprocessing = 0;
		};
/* End PBXHeadersBuildPhase section */

/* Begin PBXNativeTarget section */
		6AAB50C82629312E0089DC3C /* XRocket */ = {
			isa = PBXNativeTarget;
			buildConfigurationList = 6AAB50DD2629312E0089DC3C /* Build configuration list for PBXNativeTarget "XRocket" */;
			buildPhases = (
				6AAB50C42629312E0089DC3C /* Headers */,
				6AAB50C52629312E0089DC3C /* Sources */,
				6AAB50C62629312E0089DC3C /* Frameworks */,
				6AAB50C72629312E0089DC3C /* Resources */,
			);
			buildRules = (
			);
			dependencies = (
			);
			name = XRocket;
			productName = XRocket;
			productReference = 6AAB50C92629312E0089DC3C /* XRocket.framework */;
			productType = "com.apple.product-type.framework";
		};
		6AAB50D12629312E0089DC3C /* XRocketTests */ = {
			isa = PBXNativeTarget;
			buildConfigurationList = 6AAB50E02629312E0089DC3C /* Build configuration list for PBXNativeTarget "XRocketTests" */;
			buildPhases = (
				6AAB50CE2629312E0089DC3C /* Sources */,
				6AAB50CF2629312E0089DC3C /* Frameworks */,
				6AAB50D02629312E0089DC3C /* Resources */,
			);
			buildRules = (
			);
			dependencies = (
				6AAB50D52629312E0089DC3C /* PBXTargetDependency */,
			);
			name = XRocketTests;
			productName = XRocketTests;
			productReference = 6AAB50D22629312E0089DC3C /* XRocketTests.xctest */;
			productType = "com.apple.product-type.bundle.unit-test";
		};
		6AB74990262C7D4100C8F56A /* XRocketiOS */ = {
			isa = PBXNativeTarget;
			buildConfigurationList = 6AB749A2262C7D4200C8F56A /* Build configuration list for PBXNativeTarget "XRocketiOS" */;
			buildPhases = (
				6AB7498C262C7D4100C8F56A /* Headers */,
				6AB7498D262C7D4100C8F56A /* Sources */,
				6AB7498E262C7D4100C8F56A /* Frameworks */,
				6AB7498F262C7D4100C8F56A /* Resources */,
			);
			buildRules = (
			);
			dependencies = (
				6AB749BA262C813500C8F56A /* PBXTargetDependency */,
			);
			name = XRocketiOS;
			productName = XRocketiOS;
			productReference = 6AB74991262C7D4100C8F56A /* XRocketiOS.framework */;
			productType = "com.apple.product-type.framework";
		};
		6AB74998262C7D4200C8F56A /* XRocketiOSTests */ = {
			isa = PBXNativeTarget;
			buildConfigurationList = 6AB749A5262C7D4200C8F56A /* Build configuration list for PBXNativeTarget "XRocketiOSTests" */;
			buildPhases = (
				6AB74995262C7D4200C8F56A /* Sources */,
				6AB74996262C7D4200C8F56A /* Frameworks */,
				6AB74997262C7D4200C8F56A /* Resources */,
			);
			buildRules = (
			);
			dependencies = (
				6AB7499C262C7D4200C8F56A /* PBXTargetDependency */,
			);
			name = XRocketiOSTests;
			productName = XRocketiOSTests;
			productReference = 6AB74999262C7D4200C8F56A /* XRocketiOSTests.xctest */;
			productType = "com.apple.product-type.bundle.unit-test";
		};
/* End PBXNativeTarget section */

/* Begin PBXProject section */
		6AAB50C02629312E0089DC3C /* Project object */ = {
			isa = PBXProject;
			attributes = {
				LastSwiftUpdateCheck = 1240;
				LastUpgradeCheck = 1240;
				TargetAttributes = {
					6AAB50C82629312E0089DC3C = {
						CreatedOnToolsVersion = 12.4;
						LastSwiftMigration = 1240;
					};
					6AAB50D12629312E0089DC3C = {
						CreatedOnToolsVersion = 12.4;
					};
					6AB74990262C7D4100C8F56A = {
						CreatedOnToolsVersion = 12.4;
						LastSwiftMigration = 1240;
					};
					6AB74998262C7D4200C8F56A = {
						CreatedOnToolsVersion = 12.4;
					};
				};
			};
			buildConfigurationList = 6AAB50C32629312E0089DC3C /* Build configuration list for PBXProject "XRocket" */;
			compatibilityVersion = "Xcode 9.3";
			developmentRegion = en;
			hasScannedForEncodings = 0;
			knownRegions = (
				en,
				Base,
			);
			mainGroup = 6AAB50BF2629312E0089DC3C;
			productRefGroup = 6AAB50CA2629312E0089DC3C /* Products */;
			projectDirPath = "";
			projectRoot = "";
			targets = (
				6AAB50C82629312E0089DC3C /* XRocket */,
				6AAB50D12629312E0089DC3C /* XRocketTests */,
				6AB74990262C7D4100C8F56A /* XRocketiOS */,
				6AB74998262C7D4200C8F56A /* XRocketiOSTests */,
			);
		};
/* End PBXProject section */

/* Begin PBXResourcesBuildPhase section */
		6AAB50C72629312E0089DC3C /* Resources */ = {
			isa = PBXResourcesBuildPhase;
			buildActionMask = 2147483647;
			files = (
				6A93F2A52632CC930048BA06 /* LaunchDetails.strings in Resources */,
				6AB7497D262C11E400C8F56A /* Launch.strings in Resources */,
			);
			runOnlyForDeploymentPostprocessing = 0;
		};
		6AAB50D02629312E0089DC3C /* Resources */ = {
			isa = PBXResourcesBuildPhase;
			buildActionMask = 2147483647;
			files = (
			);
			runOnlyForDeploymentPostprocessing = 0;
		};
		6AB7498F262C7D4100C8F56A /* Resources */ = {
			isa = PBXResourcesBuildPhase;
			buildActionMask = 2147483647;
			files = (
				6A93F278263282440048BA06 /* LaunchDetails.storyboard in Resources */,
				6A0BFE00262D3030006818CB /* Launch.storyboard in Resources */,
			);
			runOnlyForDeploymentPostprocessing = 0;
		};
		6AB74997262C7D4200C8F56A /* Resources */ = {
			isa = PBXResourcesBuildPhase;
			buildActionMask = 2147483647;
			files = (
			);
			runOnlyForDeploymentPostprocessing = 0;
		};
/* End PBXResourcesBuildPhase section */

/* Begin PBXSourcesBuildPhase section */
		6AAB50C52629312E0089DC3C /* Sources */ = {
			isa = PBXSourcesBuildPhase;
			buildActionMask = 2147483647;
			files = (
				6AB7496B262BF9B700C8F56A /* RemoteImageDataLoader.swift in Sources */,
				6A59B0432629E95A007D75E9 /* LaunchPagination.swift in Sources */,
				6A54AF9C262ACD750007D021 /* URLSessionHTTPClient.swift in Sources */,
				6AB74989262C2EAE00C8F56A /* LaunchViewModel.swift in Sources */,
				6A93F2AC2632CCAC0048BA06 /* LaunchDetailsString.swift in Sources */,
				6A59B0472629E9C7007D75E9 /* HTTPClient.swift in Sources */,
				6A98ADC0263130CE0063B87C /* LaunchCellViewModel.swift in Sources */,
				6AB74981262C2E9200C8F56A /* LaunchLoadingViewModel.swift in Sources */,
				6A98ADBA2631308E0063B87C /* LaunchCellPresenter.swift in Sources */,
				6A59B03F2629E8F6007D75E9 /* Launch.swift in Sources */,
				6AE6497E2633B80900E50B82 /* LaunchDetailsPresenter.swift in Sources */,
				6A4597C8262EB12E00313EAB /* LaunchString.swift in Sources */,
				6AE649842633B98F00E50B82 /* LaunchDetailsViewModel.swift in Sources */,
				6AB74985262C2EA000C8F56A /* LaunchErrorViewModel.swift in Sources */,
				6AB74979262C0C1900C8F56A /* LaunchPresenter.swift in Sources */,
				6A93F28E2632C5930048BA06 /* LaunchImageCellPresenter.swift in Sources */,
				6A4597C2262EB10500313EAB /* PresentableLaunch.swift in Sources */,
				6A59B04D2629EA0F007D75E9 /* RemoteLaunchLoader.swift in Sources */,
				6A93F2982632C5BF0048BA06 /* LaunchImageViewModel.swift in Sources */,
			);
			runOnlyForDeploymentPostprocessing = 0;
		};
		6AAB50CE2629312E0089DC3C /* Sources */ = {
			isa = PBXSourcesBuildPhase;
			buildActionMask = 2147483647;
			files = (
				6A93F27F263293350048BA06 /* LaunchImageCellPresenterTests.swift in Sources */,
				6A54AF8E262A8BC60007D021 /* XCTestCase+MemoryLeak.swift in Sources */,
				6A54AFA7262AE7620007D021 /* HTTPClientSpy.swift in Sources */,
				6A54AF95262A8EAF0007D021 /* URLSessionHTTPClientTests.swift in Sources */,
				6AB74973262C090600C8F56A /* LaunchPresenterTests.swift in Sources */,
				6A59B0522629ECE6007D75E9 /* TestHelpers.swift in Sources */,
				6AB74966262BE3C200C8F56A /* URLProtocolStub.swift in Sources */,
				6AAB50E9262943F30089DC3C /* LaunchLoaderTests.swift in Sources */,
				6A59B0382629E254007D75E9 /* LaunchPaginationFactory.swift in Sources */,
				6AE649742633B70900E50B82 /* LaunchDetailsPresenterTests.swift in Sources */,
				6A59B0322629E193007D75E9 /* LaunchFactory.swift in Sources */,
				6A54AFA1262AE1B90007D021 /* ImageDataLoaderTests.swift in Sources */,
				6A34BC99262FC47D005B6E60 /* LaunchCellPresenterTests.swift in Sources */,
			);
			runOnlyForDeploymentPostprocessing = 0;
		};
		6AB7498D262C7D4100C8F56A /* Sources */ = {
			isa = PBXSourcesBuildPhase;
			buildActionMask = 2147483647;
			files = (
				6A93F2C026330C9D0048BA06 /* LaunchDetailsUIComposer.swift in Sources */,
				6A98ADCC263168940063B87C /* MainQueueDispatchDecorator.swift in Sources */,
				6A4597F1262F277400313EAB /* LaunchPresentationAdapter.swift in Sources */,
				6A0BFE21262DDB2A006818CB /* LaunchCell.swift in Sources */,
				6A4597E6262F1F8300313EAB /* LaunchUIComposer.swift in Sources */,
				6A93F2BA26330C8E0048BA06 /* LaunchDetailsViewController.swift in Sources */,
				6A34BCA326304FA9005B6E60 /* UIView+Shimmering.swift in Sources */,
				6A93F2C7263315BA0048BA06 /* LaunchDetailsImageCell.swift in Sources */,
				6A942C21263082C700B83564 /* LaunchViewAdapter.swift in Sources */,
				6A942C1B26307DC000B83564 /* LaunchCellController.swift in Sources */,
				6A4597CD262EF2B000313EAB /* ErrorView.swift in Sources */,
				6A45980A262F27AC00313EAB /* WeakRefVirtualProxy.swift in Sources */,
				6A0BFE0C262D38BE006818CB /* LaunchViewController.swift in Sources */,
				6A98ADC626315B4E0063B87C /* LaunchImageDataLoaderPresentationAdapter.swift in Sources */,
			);
			runOnlyForDeploymentPostprocessing = 0;
		};
		6AB74995262C7D4200C8F56A /* Sources */ = {
			isa = PBXSourcesBuildPhase;
			buildActionMask = 2147483647;
			files = (
				6AB749C2262C823600C8F56A /* XCTestCase+MemoryLeak.swift in Sources */,
				6A0BFE1B262DCC83006818CB /* LaunchFactory.swift in Sources */,
				6A93F29E2632CB5F0048BA06 /* LaunchDetailsViewControllerTests.swift in Sources */,
				6AB749AD262C7E3B00C8F56A /* LaunchViewControllerTests.swift in Sources */,
				6A93F2B22632F2240048BA06 /* LoaderSpy.swift in Sources */,
				6A0BFE11262DCBF3006818CB /* TestHelpers.swift in Sources */,
				6A0BFE1C262DCC83006818CB /* LaunchPaginationFactory.swift in Sources */,
			);
			runOnlyForDeploymentPostprocessing = 0;
		};
/* End PBXSourcesBuildPhase section */

/* Begin PBXTargetDependency section */
		6AAB50D52629312E0089DC3C /* PBXTargetDependency */ = {
			isa = PBXTargetDependency;
			target = 6AAB50C82629312E0089DC3C /* XRocket */;
			targetProxy = 6AAB50D42629312E0089DC3C /* PBXContainerItemProxy */;
		};
		6AB7499C262C7D4200C8F56A /* PBXTargetDependency */ = {
			isa = PBXTargetDependency;
			target = 6AB74990262C7D4100C8F56A /* XRocketiOS */;
			targetProxy = 6AB7499B262C7D4200C8F56A /* PBXContainerItemProxy */;
		};
		6AB749BA262C813500C8F56A /* PBXTargetDependency */ = {
			isa = PBXTargetDependency;
			target = 6AAB50C82629312E0089DC3C /* XRocket */;
			targetProxy = 6AB749B9262C813500C8F56A /* PBXContainerItemProxy */;
		};
/* End PBXTargetDependency section */

/* Begin XCBuildConfiguration section */
		6AAB50DB2629312E0089DC3C /* Debug */ = {
			isa = XCBuildConfiguration;
			buildSettings = {
				ALWAYS_SEARCH_USER_PATHS = NO;
				CLANG_ANALYZER_NONNULL = YES;
				CLANG_ANALYZER_NUMBER_OBJECT_CONVERSION = YES_AGGRESSIVE;
				CLANG_CXX_LANGUAGE_STANDARD = "gnu++14";
				CLANG_CXX_LIBRARY = "libc++";
				CLANG_ENABLE_MODULES = YES;
				CLANG_ENABLE_OBJC_ARC = YES;
				CLANG_ENABLE_OBJC_WEAK = YES;
				CLANG_WARN_BLOCK_CAPTURE_AUTORELEASING = YES;
				CLANG_WARN_BOOL_CONVERSION = YES;
				CLANG_WARN_COMMA = YES;
				CLANG_WARN_CONSTANT_CONVERSION = YES;
				CLANG_WARN_DEPRECATED_OBJC_IMPLEMENTATIONS = YES;
				CLANG_WARN_DIRECT_OBJC_ISA_USAGE = YES_ERROR;
				CLANG_WARN_DOCUMENTATION_COMMENTS = YES;
				CLANG_WARN_EMPTY_BODY = YES;
				CLANG_WARN_ENUM_CONVERSION = YES;
				CLANG_WARN_INFINITE_RECURSION = YES;
				CLANG_WARN_INT_CONVERSION = YES;
				CLANG_WARN_NON_LITERAL_NULL_CONVERSION = YES;
				CLANG_WARN_OBJC_IMPLICIT_RETAIN_SELF = YES;
				CLANG_WARN_OBJC_LITERAL_CONVERSION = YES;
				CLANG_WARN_OBJC_ROOT_CLASS = YES_ERROR;
				CLANG_WARN_QUOTED_INCLUDE_IN_FRAMEWORK_HEADER = YES;
				CLANG_WARN_RANGE_LOOP_ANALYSIS = YES;
				CLANG_WARN_STRICT_PROTOTYPES = YES;
				CLANG_WARN_SUSPICIOUS_MOVE = YES;
				CLANG_WARN_UNGUARDED_AVAILABILITY = YES_AGGRESSIVE;
				CLANG_WARN_UNREACHABLE_CODE = YES;
				CLANG_WARN__DUPLICATE_METHOD_MATCH = YES;
				COPY_PHASE_STRIP = NO;
				CURRENT_PROJECT_VERSION = 1;
				DEBUG_INFORMATION_FORMAT = dwarf;
				ENABLE_STRICT_OBJC_MSGSEND = YES;
				ENABLE_TESTABILITY = YES;
				GCC_C_LANGUAGE_STANDARD = gnu11;
				GCC_DYNAMIC_NO_PIC = NO;
				GCC_NO_COMMON_BLOCKS = YES;
				GCC_OPTIMIZATION_LEVEL = 0;
				GCC_PREPROCESSOR_DEFINITIONS = (
					"DEBUG=1",
					"$(inherited)",
				);
				GCC_WARN_64_TO_32_BIT_CONVERSION = YES;
				GCC_WARN_ABOUT_RETURN_TYPE = YES_ERROR;
				GCC_WARN_UNDECLARED_SELECTOR = YES;
				GCC_WARN_UNINITIALIZED_AUTOS = YES_AGGRESSIVE;
				GCC_WARN_UNUSED_FUNCTION = YES;
				GCC_WARN_UNUSED_VARIABLE = YES;
				MACOSX_DEPLOYMENT_TARGET = 10.15;
				MTL_ENABLE_DEBUG_INFO = INCLUDE_SOURCE;
				MTL_FAST_MATH = YES;
				ONLY_ACTIVE_ARCH = YES;
				SDKROOT = macosx;
				SWIFT_ACTIVE_COMPILATION_CONDITIONS = DEBUG;
				SWIFT_OPTIMIZATION_LEVEL = "-Onone";
				VERSIONING_SYSTEM = "apple-generic";
				VERSION_INFO_PREFIX = "";
			};
			name = Debug;
		};
		6AAB50DC2629312E0089DC3C /* Release */ = {
			isa = XCBuildConfiguration;
			buildSettings = {
				ALWAYS_SEARCH_USER_PATHS = NO;
				CLANG_ANALYZER_NONNULL = YES;
				CLANG_ANALYZER_NUMBER_OBJECT_CONVERSION = YES_AGGRESSIVE;
				CLANG_CXX_LANGUAGE_STANDARD = "gnu++14";
				CLANG_CXX_LIBRARY = "libc++";
				CLANG_ENABLE_MODULES = YES;
				CLANG_ENABLE_OBJC_ARC = YES;
				CLANG_ENABLE_OBJC_WEAK = YES;
				CLANG_WARN_BLOCK_CAPTURE_AUTORELEASING = YES;
				CLANG_WARN_BOOL_CONVERSION = YES;
				CLANG_WARN_COMMA = YES;
				CLANG_WARN_CONSTANT_CONVERSION = YES;
				CLANG_WARN_DEPRECATED_OBJC_IMPLEMENTATIONS = YES;
				CLANG_WARN_DIRECT_OBJC_ISA_USAGE = YES_ERROR;
				CLANG_WARN_DOCUMENTATION_COMMENTS = YES;
				CLANG_WARN_EMPTY_BODY = YES;
				CLANG_WARN_ENUM_CONVERSION = YES;
				CLANG_WARN_INFINITE_RECURSION = YES;
				CLANG_WARN_INT_CONVERSION = YES;
				CLANG_WARN_NON_LITERAL_NULL_CONVERSION = YES;
				CLANG_WARN_OBJC_IMPLICIT_RETAIN_SELF = YES;
				CLANG_WARN_OBJC_LITERAL_CONVERSION = YES;
				CLANG_WARN_OBJC_ROOT_CLASS = YES_ERROR;
				CLANG_WARN_QUOTED_INCLUDE_IN_FRAMEWORK_HEADER = YES;
				CLANG_WARN_RANGE_LOOP_ANALYSIS = YES;
				CLANG_WARN_STRICT_PROTOTYPES = YES;
				CLANG_WARN_SUSPICIOUS_MOVE = YES;
				CLANG_WARN_UNGUARDED_AVAILABILITY = YES_AGGRESSIVE;
				CLANG_WARN_UNREACHABLE_CODE = YES;
				CLANG_WARN__DUPLICATE_METHOD_MATCH = YES;
				COPY_PHASE_STRIP = NO;
				CURRENT_PROJECT_VERSION = 1;
				DEBUG_INFORMATION_FORMAT = "dwarf-with-dsym";
				ENABLE_NS_ASSERTIONS = NO;
				ENABLE_STRICT_OBJC_MSGSEND = YES;
				GCC_C_LANGUAGE_STANDARD = gnu11;
				GCC_NO_COMMON_BLOCKS = YES;
				GCC_WARN_64_TO_32_BIT_CONVERSION = YES;
				GCC_WARN_ABOUT_RETURN_TYPE = YES_ERROR;
				GCC_WARN_UNDECLARED_SELECTOR = YES;
				GCC_WARN_UNINITIALIZED_AUTOS = YES_AGGRESSIVE;
				GCC_WARN_UNUSED_FUNCTION = YES;
				GCC_WARN_UNUSED_VARIABLE = YES;
				MACOSX_DEPLOYMENT_TARGET = 10.15;
				MTL_ENABLE_DEBUG_INFO = NO;
				MTL_FAST_MATH = YES;
				SDKROOT = macosx;
				SWIFT_COMPILATION_MODE = wholemodule;
				SWIFT_OPTIMIZATION_LEVEL = "-O";
				VERSIONING_SYSTEM = "apple-generic";
				VERSION_INFO_PREFIX = "";
			};
			name = Release;
		};
		6AAB50DE2629312E0089DC3C /* Debug */ = {
			isa = XCBuildConfiguration;
			buildSettings = {
				CLANG_ENABLE_MODULES = YES;
				CODE_SIGN_STYLE = Automatic;
				COMBINE_HIDPI_IMAGES = YES;
				DEFINES_MODULE = YES;
				DYLIB_COMPATIBILITY_VERSION = 1;
				DYLIB_CURRENT_VERSION = 1;
				DYLIB_INSTALL_NAME_BASE = "@rpath";
				INFOPLIST_FILE = XRocket/Info.plist;
				INSTALL_PATH = "$(LOCAL_LIBRARY_DIR)/Frameworks";
				IPHONEOS_DEPLOYMENT_TARGET = 14.3;
				LD_RUNPATH_SEARCH_PATHS = (
					"$(inherited)",
					"@executable_path/../Frameworks",
					"@loader_path/Frameworks",
				);
				PRODUCT_BUNDLE_IDENTIFIER = com.kndev.XRocket;
				PRODUCT_NAME = "$(TARGET_NAME:c99extidentifier)";
				SKIP_INSTALL = YES;
				SUPPORTED_PLATFORMS = "macosx iphoneos iphonesimulator";
				SWIFT_OPTIMIZATION_LEVEL = "-Onone";
				SWIFT_VERSION = 5.0;
			};
			name = Debug;
		};
		6AAB50DF2629312E0089DC3C /* Release */ = {
			isa = XCBuildConfiguration;
			buildSettings = {
				CLANG_ENABLE_MODULES = YES;
				CODE_SIGN_STYLE = Automatic;
				COMBINE_HIDPI_IMAGES = YES;
				DEFINES_MODULE = YES;
				DYLIB_COMPATIBILITY_VERSION = 1;
				DYLIB_CURRENT_VERSION = 1;
				DYLIB_INSTALL_NAME_BASE = "@rpath";
				INFOPLIST_FILE = XRocket/Info.plist;
				INSTALL_PATH = "$(LOCAL_LIBRARY_DIR)/Frameworks";
				IPHONEOS_DEPLOYMENT_TARGET = 14.3;
				LD_RUNPATH_SEARCH_PATHS = (
					"$(inherited)",
					"@executable_path/../Frameworks",
					"@loader_path/Frameworks",
				);
				PRODUCT_BUNDLE_IDENTIFIER = com.kndev.XRocket;
				PRODUCT_NAME = "$(TARGET_NAME:c99extidentifier)";
				SKIP_INSTALL = YES;
				SUPPORTED_PLATFORMS = "macosx iphoneos iphonesimulator";
				SWIFT_VERSION = 5.0;
			};
			name = Release;
		};
		6AAB50E12629312E0089DC3C /* Debug */ = {
			isa = XCBuildConfiguration;
			buildSettings = {
				ALWAYS_EMBED_SWIFT_STANDARD_LIBRARIES = YES;
				CODE_SIGN_STYLE = Automatic;
				COMBINE_HIDPI_IMAGES = YES;
				INFOPLIST_FILE = XRocketTests/Info.plist;
				LD_RUNPATH_SEARCH_PATHS = (
					"$(inherited)",
					"@executable_path/../Frameworks",
					"@loader_path/../Frameworks",
				);
				PRODUCT_BUNDLE_IDENTIFIER = com.kndev.XRocketTests;
				PRODUCT_NAME = "$(TARGET_NAME)";
				SUPPORTED_PLATFORMS = "macosx iphoneos iphonesimulator";
				SWIFT_VERSION = 5.0;
			};
			name = Debug;
		};
		6AAB50E22629312E0089DC3C /* Release */ = {
			isa = XCBuildConfiguration;
			buildSettings = {
				ALWAYS_EMBED_SWIFT_STANDARD_LIBRARIES = YES;
				CODE_SIGN_STYLE = Automatic;
				COMBINE_HIDPI_IMAGES = YES;
				INFOPLIST_FILE = XRocketTests/Info.plist;
				LD_RUNPATH_SEARCH_PATHS = (
					"$(inherited)",
					"@executable_path/../Frameworks",
					"@loader_path/../Frameworks",
				);
				PRODUCT_BUNDLE_IDENTIFIER = com.kndev.XRocketTests;
				PRODUCT_NAME = "$(TARGET_NAME)";
				SUPPORTED_PLATFORMS = "macosx iphoneos iphonesimulator";
				SWIFT_VERSION = 5.0;
			};
			name = Release;
		};
		6AB749A3262C7D4200C8F56A /* Debug */ = {
			isa = XCBuildConfiguration;
			buildSettings = {
				CLANG_ENABLE_MODULES = YES;
				CODE_SIGN_STYLE = Automatic;
				DEFINES_MODULE = YES;
				DYLIB_COMPATIBILITY_VERSION = 1;
				DYLIB_CURRENT_VERSION = 1;
				DYLIB_INSTALL_NAME_BASE = "@rpath";
				INFOPLIST_FILE = XRocketiOS/Info.plist;
				INSTALL_PATH = "$(LOCAL_LIBRARY_DIR)/Frameworks";
				IPHONEOS_DEPLOYMENT_TARGET = 14.4;
				LD_RUNPATH_SEARCH_PATHS = (
					"$(inherited)",
					"@executable_path/Frameworks",
					"@loader_path/Frameworks",
				);
				PRODUCT_BUNDLE_IDENTIFIER = com.kndev.XRocketiOS;
				PRODUCT_NAME = "$(TARGET_NAME:c99extidentifier)";
				SDKROOT = iphoneos;
				SKIP_INSTALL = YES;
				SWIFT_OPTIMIZATION_LEVEL = "-Onone";
				SWIFT_VERSION = 5.0;
				TARGETED_DEVICE_FAMILY = "1,2";
			};
			name = Debug;
		};
		6AB749A4262C7D4200C8F56A /* Release */ = {
			isa = XCBuildConfiguration;
			buildSettings = {
				CLANG_ENABLE_MODULES = YES;
				CODE_SIGN_STYLE = Automatic;
				DEFINES_MODULE = YES;
				DYLIB_COMPATIBILITY_VERSION = 1;
				DYLIB_CURRENT_VERSION = 1;
				DYLIB_INSTALL_NAME_BASE = "@rpath";
				INFOPLIST_FILE = XRocketiOS/Info.plist;
				INSTALL_PATH = "$(LOCAL_LIBRARY_DIR)/Frameworks";
				IPHONEOS_DEPLOYMENT_TARGET = 14.4;
				LD_RUNPATH_SEARCH_PATHS = (
					"$(inherited)",
					"@executable_path/Frameworks",
					"@loader_path/Frameworks",
				);
				PRODUCT_BUNDLE_IDENTIFIER = com.kndev.XRocketiOS;
				PRODUCT_NAME = "$(TARGET_NAME:c99extidentifier)";
				SDKROOT = iphoneos;
				SKIP_INSTALL = YES;
				SWIFT_VERSION = 5.0;
				TARGETED_DEVICE_FAMILY = "1,2";
				VALIDATE_PRODUCT = YES;
			};
			name = Release;
		};
		6AB749A6262C7D4200C8F56A /* Debug */ = {
			isa = XCBuildConfiguration;
			buildSettings = {
				ALWAYS_EMBED_SWIFT_STANDARD_LIBRARIES = YES;
				CODE_SIGN_STYLE = Automatic;
				INFOPLIST_FILE = XRocketiOSTests/Info.plist;
				IPHONEOS_DEPLOYMENT_TARGET = 14.4;
				LD_RUNPATH_SEARCH_PATHS = (
					"$(inherited)",
					"@executable_path/Frameworks",
					"@loader_path/Frameworks",
				);
				PRODUCT_BUNDLE_IDENTIFIER = com.kndev.XRocketiOSTests;
				PRODUCT_NAME = "$(TARGET_NAME)";
				SDKROOT = iphoneos;
				SWIFT_VERSION = 5.0;
				TARGETED_DEVICE_FAMILY = "1,2";
			};
			name = Debug;
		};
		6AB749A7262C7D4200C8F56A /* Release */ = {
			isa = XCBuildConfiguration;
			buildSettings = {
				ALWAYS_EMBED_SWIFT_STANDARD_LIBRARIES = YES;
				CODE_SIGN_STYLE = Automatic;
				INFOPLIST_FILE = XRocketiOSTests/Info.plist;
				IPHONEOS_DEPLOYMENT_TARGET = 14.4;
				LD_RUNPATH_SEARCH_PATHS = (
					"$(inherited)",
					"@executable_path/Frameworks",
					"@loader_path/Frameworks",
				);
				PRODUCT_BUNDLE_IDENTIFIER = com.kndev.XRocketiOSTests;
				PRODUCT_NAME = "$(TARGET_NAME)";
				SDKROOT = iphoneos;
				SWIFT_VERSION = 5.0;
				TARGETED_DEVICE_FAMILY = "1,2";
				VALIDATE_PRODUCT = YES;
			};
			name = Release;
		};
/* End XCBuildConfiguration section */

/* Begin XCConfigurationList section */
		6AAB50C32629312E0089DC3C /* Build configuration list for PBXProject "XRocket" */ = {
			isa = XCConfigurationList;
			buildConfigurations = (
				6AAB50DB2629312E0089DC3C /* Debug */,
				6AAB50DC2629312E0089DC3C /* Release */,
			);
			defaultConfigurationIsVisible = 0;
			defaultConfigurationName = Release;
		};
		6AAB50DD2629312E0089DC3C /* Build configuration list for PBXNativeTarget "XRocket" */ = {
			isa = XCConfigurationList;
			buildConfigurations = (
				6AAB50DE2629312E0089DC3C /* Debug */,
				6AAB50DF2629312E0089DC3C /* Release */,
			);
			defaultConfigurationIsVisible = 0;
			defaultConfigurationName = Release;
		};
		6AAB50E02629312E0089DC3C /* Build configuration list for PBXNativeTarget "XRocketTests" */ = {
			isa = XCConfigurationList;
			buildConfigurations = (
				6AAB50E12629312E0089DC3C /* Debug */,
				6AAB50E22629312E0089DC3C /* Release */,
			);
			defaultConfigurationIsVisible = 0;
			defaultConfigurationName = Release;
		};
		6AB749A2262C7D4200C8F56A /* Build configuration list for PBXNativeTarget "XRocketiOS" */ = {
			isa = XCConfigurationList;
			buildConfigurations = (
				6AB749A3262C7D4200C8F56A /* Debug */,
				6AB749A4262C7D4200C8F56A /* Release */,
			);
			defaultConfigurationIsVisible = 0;
			defaultConfigurationName = Release;
		};
		6AB749A5262C7D4200C8F56A /* Build configuration list for PBXNativeTarget "XRocketiOSTests" */ = {
			isa = XCConfigurationList;
			buildConfigurations = (
				6AB749A6262C7D4200C8F56A /* Debug */,
				6AB749A7262C7D4200C8F56A /* Release */,
			);
			defaultConfigurationIsVisible = 0;
			defaultConfigurationName = Release;
		};
/* End XCConfigurationList section */
	};
	rootObject = 6AAB50C02629312E0089DC3C /* Project object */;
}
