// !$*UTF8*$!
{
	archiveVersion = 1;
	classes = {
	};
	objectVersion = 50;
	objects = {

/* Begin PBXBuildFile section */
		6A98ADDE2631784E0063B87C /* AppDelegate.swift in Sources */ = {isa = PBXBuildFile; fileRef = 6A98ADDD2631784E0063B87C /* AppDelegate.swift */; };
		6A98ADE02631784E0063B87C /* SceneDelegate.swift in Sources */ = {isa = PBXBuildFile; fileRef = 6A98ADDF2631784E0063B87C /* SceneDelegate.swift */; };
		6A98ADE52631784E0063B87C /* Main.storyboard in Resources */ = {isa = PBXBuildFile; fileRef = 6A98ADE32631784E0063B87C /* Main.storyboard */; };
		6A98ADE72631784F0063B87C /* Assets.xcassets in Resources */ = {isa = PBXBuildFile; fileRef = 6A98ADE62631784F0063B87C /* Assets.xcassets */; };
		6A98ADEA2631784F0063B87C /* LaunchScreen.storyboard in Resources */ = {isa = PBXBuildFile; fileRef = 6A98ADE82631784F0063B87C /* LaunchScreen.storyboard */; };
		6A98ADF52631784F0063B87C /* XRocketAppTests.swift in Sources */ = {isa = PBXBuildFile; fileRef = 6A98ADF42631784F0063B87C /* XRocketAppTests.swift */; };
		6A98AE17263179AA0063B87C /* XRocket.framework in Frameworks */ = {isa = PBXBuildFile; fileRef = 6A98AE15263179AA0063B87C /* XRocket.framework */; };
		6A98AE18263179AA0063B87C /* XRocket.framework in Embed Frameworks */ = {isa = PBXBuildFile; fileRef = 6A98AE15263179AA0063B87C /* XRocket.framework */; settings = {ATTRIBUTES = (CodeSignOnCopy, RemoveHeadersOnCopy, ); }; };
		6A98AE19263179AA0063B87C /* XRocketiOS.framework in Frameworks */ = {isa = PBXBuildFile; fileRef = 6A98AE16263179AA0063B87C /* XRocketiOS.framework */; };
		6A98AE1A263179AA0063B87C /* XRocketiOS.framework in Embed Frameworks */ = {isa = PBXBuildFile; fileRef = 6A98AE16263179AA0063B87C /* XRocketiOS.framework */; settings = {ATTRIBUTES = (CodeSignOnCopy, RemoveHeadersOnCopy, ); }; };
/* End PBXBuildFile section */

/* Begin PBXContainerItemProxy section */
		6A98ADF12631784F0063B87C /* PBXContainerItemProxy */ = {
			isa = PBXContainerItemProxy;
			containerPortal = 6A98ADD22631784E0063B87C /* Project object */;
			proxyType = 1;
			remoteGlobalIDString = 6A98ADD92631784E0063B87C;
			remoteInfo = XRocketApp;
		};
/* End PBXContainerItemProxy section */

/* Begin PBXCopyFilesBuildPhase section */
		6A98AE1B263179AA0063B87C /* Embed Frameworks */ = {
			isa = PBXCopyFilesBuildPhase;
			buildActionMask = 2147483647;
			dstPath = "";
			dstSubfolderSpec = 10;
			files = (
				6A98AE18263179AA0063B87C /* XRocket.framework in Embed Frameworks */,
				6A98AE1A263179AA0063B87C /* XRocketiOS.framework in Embed Frameworks */,
			);
			name = "Embed Frameworks";
			runOnlyForDeploymentPostprocessing = 0;
		};
/* End PBXCopyFilesBuildPhase section */

/* Begin PBXFileReference section */
		6A98ADDA2631784E0063B87C /* XRocketApp.app */ = {isa = PBXFileReference; explicitFileType = wrapper.application; includeInIndex = 0; path = XRocketApp.app; sourceTree = BUILT_PRODUCTS_DIR; };
		6A98ADDD2631784E0063B87C /* AppDelegate.swift */ = {isa = PBXFileReference; lastKnownFileType = sourcecode.swift; path = AppDelegate.swift; sourceTree = "<group>"; };
		6A98ADDF2631784E0063B87C /* SceneDelegate.swift */ = {isa = PBXFileReference; lastKnownFileType = sourcecode.swift; path = SceneDelegate.swift; sourceTree = "<group>"; };
		6A98ADE42631784E0063B87C /* Base */ = {isa = PBXFileReference; lastKnownFileType = file.storyboard; name = Base; path = Base.lproj/Main.storyboard; sourceTree = "<group>"; };
		6A98ADE62631784F0063B87C /* Assets.xcassets */ = {isa = PBXFileReference; lastKnownFileType = folder.assetcatalog; path = Assets.xcassets; sourceTree = "<group>"; };
		6A98ADE92631784F0063B87C /* Base */ = {isa = PBXFileReference; lastKnownFileType = file.storyboard; name = Base; path = Base.lproj/LaunchScreen.storyboard; sourceTree = "<group>"; };
		6A98ADEB2631784F0063B87C /* Info.plist */ = {isa = PBXFileReference; lastKnownFileType = text.plist.xml; path = Info.plist; sourceTree = "<group>"; };
		6A98ADF02631784F0063B87C /* XRocketAppTests.xctest */ = {isa = PBXFileReference; explicitFileType = wrapper.cfbundle; includeInIndex = 0; path = XRocketAppTests.xctest; sourceTree = BUILT_PRODUCTS_DIR; };
		6A98ADF42631784F0063B87C /* XRocketAppTests.swift */ = {isa = PBXFileReference; lastKnownFileType = sourcecode.swift; path = XRocketAppTests.swift; sourceTree = "<group>"; };
		6A98ADF62631784F0063B87C /* Info.plist */ = {isa = PBXFileReference; lastKnownFileType = text.plist.xml; path = Info.plist; sourceTree = "<group>"; };
		6A98AE15263179AA0063B87C /* XRocket.framework */ = {isa = PBXFileReference; explicitFileType = wrapper.framework; path = XRocket.framework; sourceTree = BUILT_PRODUCTS_DIR; };
		6A98AE16263179AA0063B87C /* XRocketiOS.framework */ = {isa = PBXFileReference; explicitFileType = wrapper.framework; path = XRocketiOS.framework; sourceTree = BUILT_PRODUCTS_DIR; };
/* End PBXFileReference section */

/* Begin PBXFrameworksBuildPhase section */
		6A98ADD72631784E0063B87C /* Frameworks */ = {
			isa = PBXFrameworksBuildPhase;
			buildActionMask = 2147483647;
			files = (
				6A98AE17263179AA0063B87C /* XRocket.framework in Frameworks */,
				6A98AE19263179AA0063B87C /* XRocketiOS.framework in Frameworks */,
			);
			runOnlyForDeploymentPostprocessing = 0;
		};
		6A98ADED2631784F0063B87C /* Frameworks */ = {
			isa = PBXFrameworksBuildPhase;
			buildActionMask = 2147483647;
			files = (
			);
			runOnlyForDeploymentPostprocessing = 0;
		};
/* End PBXFrameworksBuildPhase section */

/* Begin PBXGroup section */
		6A98ADD12631784E0063B87C = {
			isa = PBXGroup;
			children = (
				6A98ADDC2631784E0063B87C /* XRocketApp */,
				6A98ADF32631784F0063B87C /* XRocketAppTests */,
				6A98ADDB2631784E0063B87C /* Products */,
				6A98AE14263179AA0063B87C /* Frameworks */,
			);
			sourceTree = "<group>";
		};
		6A98ADDB2631784E0063B87C /* Products */ = {
			isa = PBXGroup;
			children = (
				6A98ADDA2631784E0063B87C /* XRocketApp.app */,
				6A98ADF02631784F0063B87C /* XRocketAppTests.xctest */,
			);
			name = Products;
			sourceTree = "<group>";
		};
		6A98ADDC2631784E0063B87C /* XRocketApp */ = {
			isa = PBXGroup;
			children = (
				6A98ADDD2631784E0063B87C /* AppDelegate.swift */,
				6A98ADDF2631784E0063B87C /* SceneDelegate.swift */,
				6A98ADE32631784E0063B87C /* Main.storyboard */,
				6A98ADE62631784F0063B87C /* Assets.xcassets */,
				6A98ADE82631784F0063B87C /* LaunchScreen.storyboard */,
				6A98ADEB2631784F0063B87C /* Info.plist */,
			);
			path = XRocketApp;
			sourceTree = "<group>";
		};
		6A98ADF32631784F0063B87C /* XRocketAppTests */ = {
			isa = PBXGroup;
			children = (
				6A98ADF42631784F0063B87C /* XRocketAppTests.swift */,
				6A98ADF62631784F0063B87C /* Info.plist */,
			);
			path = XRocketAppTests;
			sourceTree = "<group>";
		};
		6A98AE14263179AA0063B87C /* Frameworks */ = {
			isa = PBXGroup;
			children = (
				6A98AE15263179AA0063B87C /* XRocket.framework */,
				6A98AE16263179AA0063B87C /* XRocketiOS.framework */,
			);
			name = Frameworks;
			sourceTree = "<group>";
		};
/* End PBXGroup section */

/* Begin PBXNativeTarget section */
		6A98ADD92631784E0063B87C /* XRocketApp */ = {
			isa = PBXNativeTarget;
			buildConfigurationList = 6A98AE042631784F0063B87C /* Build configuration list for PBXNativeTarget "XRocketApp" */;
			buildPhases = (
				6A98ADD62631784E0063B87C /* Sources */,
				6A98ADD72631784E0063B87C /* Frameworks */,
				6A98ADD82631784E0063B87C /* Resources */,
				6A98AE1B263179AA0063B87C /* Embed Frameworks */,
			);
			buildRules = (
			);
			dependencies = (
			);
			name = XRocketApp;
			productName = XRocketApp;
			productReference = 6A98ADDA2631784E0063B87C /* XRocketApp.app */;
			productType = "com.apple.product-type.application";
		};
		6A98ADEF2631784F0063B87C /* XRocketAppTests */ = {
			isa = PBXNativeTarget;
			buildConfigurationList = 6A98AE072631784F0063B87C /* Build configuration list for PBXNativeTarget "XRocketAppTests" */;
			buildPhases = (
				6A98ADEC2631784F0063B87C /* Sources */,
				6A98ADED2631784F0063B87C /* Frameworks */,
				6A98ADEE2631784F0063B87C /* Resources */,
			);
			buildRules = (
			);
			dependencies = (
				6A98ADF22631784F0063B87C /* PBXTargetDependency */,
			);
			name = XRocketAppTests;
			productName = XRocketAppTests;
			productReference = 6A98ADF02631784F0063B87C /* XRocketAppTests.xctest */;
			productType = "com.apple.product-type.bundle.unit-test";
		};
/* End PBXNativeTarget section */

/* Begin PBXProject section */
		6A98ADD22631784E0063B87C /* Project object */ = {
			isa = PBXProject;
			attributes = {
				LastSwiftUpdateCheck = 1240;
				LastUpgradeCheck = 1240;
				TargetAttributes = {
					6A98ADD92631784E0063B87C = {
						CreatedOnToolsVersion = 12.4;
					};
					6A98ADEF2631784F0063B87C = {
						CreatedOnToolsVersion = 12.4;
						TestTargetID = 6A98ADD92631784E0063B87C;
					};
				};
			};
			buildConfigurationList = 6A98ADD52631784E0063B87C /* Build configuration list for PBXProject "XRocketApp" */;
			compatibilityVersion = "Xcode 9.3";
			developmentRegion = en;
			hasScannedForEncodings = 0;
			knownRegions = (
				en,
				Base,
			);
			mainGroup = 6A98ADD12631784E0063B87C;
			productRefGroup = 6A98ADDB2631784E0063B87C /* Products */;
			projectDirPath = "";
			projectRoot = "";
			targets = (
				6A98ADD92631784E0063B87C /* XRocketApp */,
				6A98ADEF2631784F0063B87C /* XRocketAppTests */,
			);
		};
/* End PBXProject section */

/* Begin PBXResourcesBuildPhase section */
		6A98ADD82631784E0063B87C /* Resources */ = {
			isa = PBXResourcesBuildPhase;
			buildActionMask = 2147483647;
			files = (
				6A98ADEA2631784F0063B87C /* LaunchScreen.storyboard in Resources */,
				6A98ADE72631784F0063B87C /* Assets.xcassets in Resources */,
				6A98ADE52631784E0063B87C /* Main.storyboard in Resources */,
			);
			runOnlyForDeploymentPostprocessing = 0;
		};
		6A98ADEE2631784F0063B87C /* Resources */ = {
			isa = PBXResourcesBuildPhase;
			buildActionMask = 2147483647;
			files = (
			);
			runOnlyForDeploymentPostprocessing = 0;
		};
/* End PBXResourcesBuildPhase section */

/* Begin PBXSourcesBuildPhase section */
		6A98ADD62631784E0063B87C /* Sources */ = {
			isa = PBXSourcesBuildPhase;
			buildActionMask = 2147483647;
			files = (
				6A98ADDE2631784E0063B87C /* AppDelegate.swift in Sources */,
				6A98ADE02631784E0063B87C /* SceneDelegate.swift in Sources */,
			);
			runOnlyForDeploymentPostprocessing = 0;
		};
		6A98ADEC2631784F0063B87C /* Sources */ = {
			isa = PBXSourcesBuildPhase;
			buildActionMask = 2147483647;
			files = (
				6A98ADF52631784F0063B87C /* XRocketAppTests.swift in Sources */,
			);
			runOnlyForDeploymentPostprocessing = 0;
		};
/* End PBXSourcesBuildPhase section */

/* Begin PBXTargetDependency section */
		6A98ADF22631784F0063B87C /* PBXTargetDependency */ = {
			isa = PBXTargetDependency;
			target = 6A98ADD92631784E0063B87C /* XRocketApp */;
			targetProxy = 6A98ADF12631784F0063B87C /* PBXContainerItemProxy */;
		};
/* End PBXTargetDependency section */

/* Begin PBXVariantGroup section */
		6A98ADE32631784E0063B87C /* Main.storyboard */ = {
			isa = PBXVariantGroup;
			children = (
				6A98ADE42631784E0063B87C /* Base */,
			);
			name = Main.storyboard;
			sourceTree = "<group>";
		};
		6A98ADE82631784F0063B87C /* LaunchScreen.storyboard */ = {
			isa = PBXVariantGroup;
			children = (
				6A98ADE92631784F0063B87C /* Base */,
			);
			name = LaunchScreen.storyboard;
			sourceTree = "<group>";
		};
/* End PBXVariantGroup section */

/* Begin XCBuildConfiguration section */
		6A98AE022631784F0063B87C /* Debug */ = {
			isa = XCBuildConfiguration;
			buildSettings = {
				ALWAYS_SEARCH_USER_PATHS = NO;
				CLANG_ANALYZER_NONNULL = YES;
				CLANG_ANALYZER_NUMBER_OBJECT_CONVERSION = YES_AGGRESSIVE;
				CLANG_CXX_LANGUAGE_STANDARD = "gnu++14";
				CLANG_CXX_LIBRARY = "libc++";
				CLANG_ENABLE_MODULES = YES;
				CLANG_ENABLE_OBJC_ARC = YES;
				CLANG_ENABLE_OBJC_WEAK = YES;
				CLANG_WARN_BLOCK_CAPTURE_AUTORELEASING = YES;
				CLANG_WARN_BOOL_CONVERSION = YES;
				CLANG_WARN_COMMA = YES;
				CLANG_WARN_CONSTANT_CONVERSION = YES;
				CLANG_WARN_DEPRECATED_OBJC_IMPLEMENTATIONS = YES;
				CLANG_WARN_DIRECT_OBJC_ISA_USAGE = YES_ERROR;
				CLANG_WARN_DOCUMENTATION_COMMENTS = YES;
				CLANG_WARN_EMPTY_BODY = YES;
				CLANG_WARN_ENUM_CONVERSION = YES;
				CLANG_WARN_INFINITE_RECURSION = YES;
				CLANG_WARN_INT_CONVERSION = YES;
				CLANG_WARN_NON_LITERAL_NULL_CONVERSION = YES;
				CLANG_WARN_OBJC_IMPLICIT_RETAIN_SELF = YES;
				CLANG_WARN_OBJC_LITERAL_CONVERSION = YES;
				CLANG_WARN_OBJC_ROOT_CLASS = YES_ERROR;
				CLANG_WARN_QUOTED_INCLUDE_IN_FRAMEWORK_HEADER = YES;
				CLANG_WARN_RANGE_LOOP_ANALYSIS = YES;
				CLANG_WARN_STRICT_PROTOTYPES = YES;
				CLANG_WARN_SUSPICIOUS_MOVE = YES;
				CLANG_WARN_UNGUARDED_AVAILABILITY = YES_AGGRESSIVE;
				CLANG_WARN_UNREACHABLE_CODE = YES;
				CLANG_WARN__DUPLICATE_METHOD_MATCH = YES;
				COPY_PHASE_STRIP = NO;
				DEBUG_INFORMATION_FORMAT = dwarf;
				ENABLE_STRICT_OBJC_MSGSEND = YES;
				ENABLE_TESTABILITY = YES;
				GCC_C_LANGUAGE_STANDARD = gnu11;
				GCC_DYNAMIC_NO_PIC = NO;
				GCC_NO_COMMON_BLOCKS = YES;
				GCC_OPTIMIZATION_LEVEL = 0;
				GCC_PREPROCESSOR_DEFINITIONS = (
					"DEBUG=1",
					"$(inherited)",
				);
				GCC_WARN_64_TO_32_BIT_CONVERSION = YES;
				GCC_WARN_ABOUT_RETURN_TYPE = YES_ERROR;
				GCC_WARN_UNDECLARED_SELECTOR = YES;
				GCC_WARN_UNINITIALIZED_AUTOS = YES_AGGRESSIVE;
				GCC_WARN_UNUSED_FUNCTION = YES;
				GCC_WARN_UNUSED_VARIABLE = YES;
				IPHONEOS_DEPLOYMENT_TARGET = 14.4;
				MTL_ENABLE_DEBUG_INFO = INCLUDE_SOURCE;
				MTL_FAST_MATH = YES;
				ONLY_ACTIVE_ARCH = YES;
				SDKROOT = iphoneos;
				SWIFT_ACTIVE_COMPILATION_CONDITIONS = DEBUG;
				SWIFT_OPTIMIZATION_LEVEL = "-Onone";
			};
			name = Debug;
		};
		6A98AE032631784F0063B87C /* Release */ = {
			isa = XCBuildConfiguration;
			buildSettings = {
				ALWAYS_SEARCH_USER_PATHS = NO;
				CLANG_ANALYZER_NONNULL = YES;
				CLANG_ANALYZER_NUMBER_OBJECT_CONVERSION = YES_AGGRESSIVE;
				CLANG_CXX_LANGUAGE_STANDARD = "gnu++14";
				CLANG_CXX_LIBRARY = "libc++";
				CLANG_ENABLE_MODULES = YES;
				CLANG_ENABLE_OBJC_ARC = YES;
				CLANG_ENABLE_OBJC_WEAK = YES;
				CLANG_WARN_BLOCK_CAPTURE_AUTORELEASING = YES;
				CLANG_WARN_BOOL_CONVERSION = YES;
				CLANG_WARN_COMMA = YES;
				CLANG_WARN_CONSTANT_CONVERSION = YES;
				CLANG_WARN_DEPRECATED_OBJC_IMPLEMENTATIONS = YES;
				CLANG_WARN_DIRECT_OBJC_ISA_USAGE = YES_ERROR;
				CLANG_WARN_DOCUMENTATION_COMMENTS = YES;
				CLANG_WARN_EMPTY_BODY = YES;
				CLANG_WARN_ENUM_CONVERSION = YES;
				CLANG_WARN_INFINITE_RECURSION = YES;
				CLANG_WARN_INT_CONVERSION = YES;
				CLANG_WARN_NON_LITERAL_NULL_CONVERSION = YES;
				CLANG_WARN_OBJC_IMPLICIT_RETAIN_SELF = YES;
				CLANG_WARN_OBJC_LITERAL_CONVERSION = YES;
				CLANG_WARN_OBJC_ROOT_CLASS = YES_ERROR;
				CLANG_WARN_QUOTED_INCLUDE_IN_FRAMEWORK_HEADER = YES;
				CLANG_WARN_RANGE_LOOP_ANALYSIS = YES;
				CLANG_WARN_STRICT_PROTOTYPES = YES;
				CLANG_WARN_SUSPICIOUS_MOVE = YES;
				CLANG_WARN_UNGUARDED_AVAILABILITY = YES_AGGRESSIVE;
				CLANG_WARN_UNREACHABLE_CODE = YES;
				CLANG_WARN__DUPLICATE_METHOD_MATCH = YES;
				COPY_PHASE_STRIP = NO;
				DEBUG_INFORMATION_FORMAT = "dwarf-with-dsym";
				ENABLE_NS_ASSERTIONS = NO;
				ENABLE_STRICT_OBJC_MSGSEND = YES;
				GCC_C_LANGUAGE_STANDARD = gnu11;
				GCC_NO_COMMON_BLOCKS = YES;
				GCC_WARN_64_TO_32_BIT_CONVERSION = YES;
				GCC_WARN_ABOUT_RETURN_TYPE = YES_ERROR;
				GCC_WARN_UNDECLARED_SELECTOR = YES;
				GCC_WARN_UNINITIALIZED_AUTOS = YES_AGGRESSIVE;
				GCC_WARN_UNUSED_FUNCTION = YES;
				GCC_WARN_UNUSED_VARIABLE = YES;
				IPHONEOS_DEPLOYMENT_TARGET = 14.4;
				MTL_ENABLE_DEBUG_INFO = NO;
				MTL_FAST_MATH = YES;
				SDKROOT = iphoneos;
				SWIFT_COMPILATION_MODE = wholemodule;
				SWIFT_OPTIMIZATION_LEVEL = "-O";
				VALIDATE_PRODUCT = YES;
			};
			name = Release;
		};
		6A98AE052631784F0063B87C /* Debug */ = {
			isa = XCBuildConfiguration;
			buildSettings = {
				ASSETCATALOG_COMPILER_APPICON_NAME = AppIcon;
				ASSETCATALOG_COMPILER_GLOBAL_ACCENT_COLOR_NAME = AccentColor;
				CODE_SIGN_STYLE = Automatic;
				INFOPLIST_FILE = XRocketApp/Info.plist;
				LD_RUNPATH_SEARCH_PATHS = (
					"$(inherited)",
					"@executable_path/Frameworks",
				);
				PRODUCT_BUNDLE_IDENTIFIER = com.kndev.XRocketApp;
				PRODUCT_NAME = "$(TARGET_NAME)";
				SWIFT_VERSION = 5.0;
				TARGETED_DEVICE_FAMILY = "1,2";
			};
			name = Debug;
		};
		6A98AE062631784F0063B87C /* Release */ = {
			isa = XCBuildConfiguration;
			buildSettings = {
				ASSETCATALOG_COMPILER_APPICON_NAME = AppIcon;
				ASSETCATALOG_COMPILER_GLOBAL_ACCENT_COLOR_NAME = AccentColor;
				CODE_SIGN_STYLE = Automatic;
				INFOPLIST_FILE = XRocketApp/Info.plist;
				LD_RUNPATH_SEARCH_PATHS = (
					"$(inherited)",
					"@executable_path/Frameworks",
				);
				PRODUCT_BUNDLE_IDENTIFIER = com.kndev.XRocketApp;
				PRODUCT_NAME = "$(TARGET_NAME)";
				SWIFT_VERSION = 5.0;
				TARGETED_DEVICE_FAMILY = "1,2";
			};
			name = Release;
		};
		6A98AE082631784F0063B87C /* Debug */ = {
			isa = XCBuildConfiguration;
			buildSettings = {
				ALWAYS_EMBED_SWIFT_STANDARD_LIBRARIES = YES;
				BUNDLE_LOADER = "$(TEST_HOST)";
				CODE_SIGN_STYLE = Automatic;
				INFOPLIST_FILE = XRocketAppTests/Info.plist;
				IPHONEOS_DEPLOYMENT_TARGET = 14.4;
				LD_RUNPATH_SEARCH_PATHS = (
					"$(inherited)",
					"@executable_path/Frameworks",
					"@loader_path/Frameworks",
				);
				PRODUCT_BUNDLE_IDENTIFIER = com.kndev.XRocketAppTests;
				PRODUCT_NAME = "$(TARGET_NAME)";
				SWIFT_VERSION = 5.0;
				TARGETED_DEVICE_FAMILY = "1,2";
				TEST_HOST = "$(BUILT_PRODUCTS_DIR)/XRocketApp.app/XRocketApp";
			};
			name = Debug;
		};
		6A98AE092631784F0063B87C /* Release */ = {
			isa = XCBuildConfiguration;
			buildSettings = {
				ALWAYS_EMBED_SWIFT_STANDARD_LIBRARIES = YES;
				BUNDLE_LOADER = "$(TEST_HOST)";
				CODE_SIGN_STYLE = Automatic;
				INFOPLIST_FILE = XRocketAppTests/Info.plist;
				IPHONEOS_DEPLOYMENT_TARGET = 14.4;
				LD_RUNPATH_SEARCH_PATHS = (
					"$(inherited)",
					"@executable_path/Frameworks",
					"@loader_path/Frameworks",
				);
				PRODUCT_BUNDLE_IDENTIFIER = com.kndev.XRocketAppTests;
				PRODUCT_NAME = "$(TARGET_NAME)";
				SWIFT_VERSION = 5.0;
				TARGETED_DEVICE_FAMILY = "1,2";
				TEST_HOST = "$(BUILT_PRODUCTS_DIR)/XRocketApp.app/XRocketApp";
			};
			name = Release;
		};
/* End XCBuildConfiguration section */

/* Begin XCConfigurationList section */
		6A98ADD52631784E0063B87C /* Build configuration list for PBXProject "XRocketApp" */ = {
			isa = XCConfigurationList;
			buildConfigurations = (
				6A98AE022631784F0063B87C /* Debug */,
				6A98AE032631784F0063B87C /* Release */,
			);
			defaultConfigurationIsVisible = 0;
			defaultConfigurationName = Release;
		};
		6A98AE042631784F0063B87C /* Build configuration list for PBXNativeTarget "XRocketApp" */ = {
			isa = XCConfigurationList;
			buildConfigurations = (
				6A98AE052631784F0063B87C /* Debug */,
				6A98AE062631784F0063B87C /* Release */,
			);
			defaultConfigurationIsVisible = 0;
			defaultConfigurationName = Release;
		};
		6A98AE072631784F0063B87C /* Build configuration list for PBXNativeTarget "XRocketAppTests" */ = {
			isa = XCConfigurationList;
			buildConfigurations = (
				6A98AE082631784F0063B87C /* Debug */,
				6A98AE092631784F0063B87C /* Release */,
			);
			defaultConfigurationIsVisible = 0;
			defaultConfigurationName = Release;
		};
/* End XCConfigurationList section */
	};
	rootObject = 6A98ADD22631784E0063B87C /* Project object */;
}
